{
  "version": 4,
  "terraform_version": "1.15.1",
  "serial": 80,
  "lineage": "b9e29b6e-758e-2389-376b-7ac6b34b2232",
  "outputs": {
    "callback_endpoint": {
      "value": "https://i8y9bv1ohe.execute-api.us-east-1.amazonaws.com/dev/callback",
      "type": "string"
    },
    "compatibility_matrix_table": {
      "value": "jit-renderer-compatibility-matrix-dev",
      "type": "string"
    },
    "dlq_url": {
      "value": "https://sqs.us-east-1.amazonaws.com/730335665204/jit-renderer-jobs-dlq-dev",
      "type": "string"
    },
    "elasticache_host": {
      "value": "jit-dev-cfg.iuphzg.0001.use1.cache.amazonaws.com",
      "type": "string"
    },
    "grafana_url": {
      "value": "http://3.90.250.189:3000",
      "type": "string"
    },
    "launch_template_id": {
      "value": "lt-0c246abb875123038",
      "type": "string"
    },
    "observability_instance_id": {
      "value": "i-0a6ca6332b0e4a3a7",
      "type": "string"
    },
    "prometheus_url": {
      "value": "http://172.31.24.242:9090",
      "type": "string"
    },
    "provision_endpoint": {
      "value": "https://i8y9bv1ohe.execute-api.us-east-1.amazonaws.com/dev/provision",
      "type": "string"
    },
    "provisioner_function": {
      "value": "jit-renderer-provisioner-dev",
      "type": "string"
    },
    "render_jobs_queue_url": {
      "value": "https://sqs.us-east-1.amazonaws.com/730335665204/jit-renderer-jobs-dev",
      "type": "string"
    },
    "render_jobs_table": {
      "value": "jit-renderer-render-jobs-dev",
      "type": "string"
    },
    "spot_handler_function": {
      "value": "jit-renderer-spot-handler-dev",
      "type": "string"
    }
  },
  "resources": [
    {
      "mode": "data",
      "type": "archive_file",
      "name": "callback",
      "provider": "provider[\"registry.terraform.io/hashicorp/archive\"]",
      "instances": [
        {
          "schema_version": 0,
          "attributes": {
            "exclude_symlink_directories": null,
            "excludes": null,
            "id": "3eda78a1a3d8ff4fac55d68fe55903e9bcd62832",
            "output_base64sha256": "6q8u1/RdSM1oDISiFrX9IFXoskS2QOzP2bVMl+xZ4Gs=",
            "output_base64sha512": "56fIa3CU/NaOvATN5pS7biWiYMyfWK/9Q7LvF9i7BSGLHWkaAGcMI0O99SU/0TIRq/SFSH4fPhFANLv5OfhDwA==",
            "output_file_mode": null,
            "output_md5": "3b2bd6a95fda7ba8f5075415dc499af0",
            "output_path": "./../dist/callback.zip",
            "output_sha": "3eda78a1a3d8ff4fac55d68fe55903e9bcd62832",
            "output_sha256": "eaaf2ed7f45d48cd680c84a216b5fd2055e8b244b640eccfd9b54c97ec59e06b",
            "output_sha512": "e7a7c86b7094fcd68ebc04cde694bb6e25a260cc9f58affd43b2ef17d8bb05218b1d691a00670c2343bdf5253fd13211abf485487e1f3e114034bbf939f843c0",
            "output_size": 1374,
            "source": [],
            "source_content": null,
            "source_content_filename": null,
            "source_dir": "./../src/callback",
            "source_file": null,
            "type": "zip"
          },
          "sensitive_attributes": [],
          "identity_schema_version": 0
        }
      ]
    },
    {
      "mode": "data",
      "type": "archive_file",
      "name": "orchestrator",
      "provider": "provider[\"registry.terraform.io/hashicorp/archive\"]",
      "instances": [
        {
          "schema_version": 0,
          "attributes": {
            "exclude_symlink_directories": null,
            "excludes": null,
            "id": "3332e1c795630791ff1272bf4926d11167d09632",
            "output_base64sha256": "mFUVwRNYI++M5NXIVH9h1o0o03UIVQJT6t1+HP/mom0=",
            "output_base64sha512": "zF8a4HM8HuyIYfhUBvyUBwqkBKF69LE06/9tMaXtjdwiCZ6a2Bm9aJN9N6sk84Rm8XiB3m5LSZYN4+w+Cw1igQ==",
            "output_file_mode": null,
            "output_md5": "98ffd098b4c771753e343a374afdffbb",
            "output_path": "./../dist/orchestrator.zip",
            "output_sha": "3332e1c795630791ff1272bf4926d11167d09632",
            "output_sha256": "985515c1135823ef8ce4d5c8547f61d68d28d37508550253eadd7e1cffe6a26d",
            "output_sha512": "cc5f1ae0733c1eec8861f85406fc94070aa404a17af4b134ebff6d31a5ed8ddc22099e9ad819bd68937d37ab24f38466f17881de6e4b49960de3ec3e0b0d6281",
            "output_size": 1524,
            "source": [],
            "source_content": null,
            "source_content_filename": null,
            "source_dir": "./../src/orchestrator",
            "source_file": null,
            "type": "zip"
          },
          "sensitive_attributes": [],
          "identity_schema_version": 0
        }
      ]
    },
    {
      "mode": "data",
      "type": "archive_file",
      "name": "provisioner",
      "provider": "provider[\"registry.terraform.io/hashicorp/archive\"]",
      "instances": [
        {
          "schema_version": 0,
          "attributes": {
            "exclude_symlink_directories": null,
            "excludes": null,
            "id": "33234841c151eab8c88d8ef665cd92d380133e60",
            "output_base64sha256": "cmWvOuHs0uZ68P2cWRhJZpQD6oVTJGi2KHIbi0qci9E=",
            "output_base64sha512": "pOHCduH5wAS2wW3qGvQ3KMZYFe1Z2sXkkEwX7WMI3s+9L5wo8uaXXCH2yFBdEqdv0O3Pv6x5x3k5/MYX1g7+FQ==",
            "output_file_mode": null,
            "output_md5": "4f568d805805e2aa41a1af3b36193657",
            "output_path": "./../dist/provisioner.zip",
            "output_sha": "33234841c151eab8c88d8ef665cd92d380133e60",
            "output_sha256": "7265af3ae1ecd2e67af0fd9c591849669403ea85532468b628721b8b4a9c8bd1",
            "output_sha512": "a4e1c276e1f9c004b6c16dea1af43728c65815ed59dac5e4904c17ed6308decfbd2f9c28f2e6975c21f6c8505d12a76fd0edcfbfac79c77939fcc617d60efe15",
            "output_size": 1444,
            "source": [],
            "source_content": null,
            "source_content_filename": null,
            "source_dir": "./../src/provisioner",
            "source_file": null,
            "type": "zip"
          },
          "sensitive_attributes": [],
          "identity_schema_version": 0
        }
      ]
    },
    {
      "mode": "data",
      "type": "archive_file",
      "name": "spot_handler",
      "provider": "provider[\"registry.terraform.io/hashicorp/archive\"]",
      "instances": [
        {
          "schema_version": 0,
          "attributes": {
            "exclude_symlink_directories": null,
            "excludes": null,
            "id": "372b8204f4fb89f172294ce16ef0136253a3ce92",
            "output_base64sha256": "35h0ARL2GqTi6i/rgvhzpQZbpOlPdpsVqoRIGC3rnCI=",
            "output_base64sha512": "RsaVY2THHL66p/wCBR1ti82YR4P3cPH/gJ6673gqwBOBzN+ncdooAQMYi5Rl/+3P7McDWarBaJneOkQkAVRKFg==",
            "output_file_mode": null,
            "output_md5": "52a6efbd8412fa4196bf4f3ef803b744",
            "output_path": "./../dist/spot_handler.zip",
            "output_sha": "372b8204f4fb89f172294ce16ef0136253a3ce92",
            "output_sha256": "df98740112f61aa4e2ea2feb82f873a5065ba4e94f769b15aa8448182deb9c22",
            "output_sha512": "46c6956364c71cbebaa7fc02051d6d8bcd984783f770f1ff809ebaef782ac01381ccdfa771da280103188b9465ffedcfecc70359aac16899de3a442401544a16",
            "output_size": 1250,
            "source": [],
            "source_content": null,
            "source_content_filename": null,
            "source_dir": "./../src/spot_handler",
            "source_file": null,
            "type": "zip"
          },
          "sensitive_attributes": [],
          "identity_schema_version": 0
        }
      ]
    },
    {
      "mode": "data",
      "type": "aws_ami",
      "name": "amazon_linux_2023",
      "provider": "provider[\"registry.terraform.io/hashicorp/aws\"]",
      "instances": [
        {
          "schema_version": 0,
          "attributes": {
            "architecture": "x86_64",
            "arn": "arn:aws:ec2:us-east-1::image/ami-083eb03ee8ae87bb1",
            "block_device_mappings": [
              {
                "device_name": "/dev/xvda",
                "ebs": {
                  "delete_on_termination": "true",
                  "encrypted": "false",
                  "iops": "3000",
                  "snapshot_id": "snap-087f9da20f25c4a5e",
                  "throughput": "125",
                  "volume_initialization_rate": "0",
                  "volume_size": "2",
                  "volume_type": "gp3"
                },
                "no_device": "",
                "virtual_name": ""
              }
            ],
            "boot_mode": "uefi-preferred",
            "creation_date": "2026-06-11T21:39:19.000Z",
            "deprecation_time": "2026-09-09T23:00:00.000Z",
            "description": "Amazon Linux 2023 AMI 2023.12.20260611.0 x86_64 Minimal HVM kernel-6.18",
            "ena_support": true,
            "executable_users": null,
            "filter": [
              {
                "name": "name",
                "values": [
                  "al2023-ami-*-x86_64"
                ]
              },
              {
                "name": "virtualization-type",
                "values": [
                  "hvm"
                ]
              }
            ],
            "hypervisor": "xen",
            "id": "ami-083eb03ee8ae87bb1",
            "image_id": "ami-083eb03ee8ae87bb1",
            "image_location": "amazon/al2023-ami-minimal-2023.12.20260611.0-kernel-6.18-x86_64",
            "image_owner_alias": "amazon",
            "image_type": "machine",
            "imds_support": "v2.0",
            "include_deprecated": false,
            "kernel_id": "",
            "last_launched_time": "",
            "most_recent": true,
            "name": "al2023-ami-minimal-2023.12.20260611.0-kernel-6.18-x86_64",
            "name_regex": null,
            "owner_id": "137112412989",
            "owners": [
              "amazon"
            ],
            "platform": "",
            "platform_details": "Linux/UNIX",
            "product_codes": [],
            "public": true,
            "ramdisk_id": "",
            "root_device_name": "/dev/xvda",
            "root_device_type": "ebs",
            "root_snapshot_id": "snap-087f9da20f25c4a5e",
            "sriov_net_support": "simple",
            "state": "available",
            "state_reason": {
              "code": "UNSET",
              "message": "UNSET"
            },
            "tags": {},
            "timeouts": null,
            "tpm_support": "",
            "uefi_data": null,
            "usage_operation": "RunInstances",
            "virtualization_type": "hvm"
          },
          "sensitive_attributes": [],
          "identity_schema_version": 0
        }
      ]
    },
    {
      "mode": "data",
      "type": "aws_iam_policy_document",
      "name": "ec2_instance",
      "provider": "provider[\"registry.terraform.io/hashicorp/aws\"]",
      "instances": [
        {
          "schema_version": 0,
          "attributes": {
            "id": "3407692154",
            "json": "{\n  \"Version\": \"2012-10-17\",\n  \"Statement\": [\n    {\n      \"Sid\": \"SSMReadConfig\",\n      \"Effect\": \"Allow\",\n      \"Action\": \"ssm:GetParameter\",\n      \"Resource\": [\n        \"arn:aws:ssm:us-east-1:730335665204:parameter/jit-renderer/dev/redis_host\",\n        \"arn:aws:ssm:us-east-1:730335665204:parameter/jit-renderer/dev/callback_url\"\n      ]\n    }\n  ]\n}",
            "minified_json": "{\"Version\":\"2012-10-17\",\"Statement\":[{\"Sid\":\"SSMReadConfig\",\"Effect\":\"Allow\",\"Action\":\"ssm:GetParameter\",\"Resource\":[\"arn:aws:ssm:us-east-1:730335665204:parameter/jit-renderer/dev/redis_host\",\"arn:aws:ssm:us-east-1:730335665204:parameter/jit-renderer/dev/callback_url\"]}]}",
            "override_json": null,
            "override_policy_documents": null,
            "policy_id": null,
            "source_json": null,
            "source_policy_documents": null,
            "statement": [
              {
                "actions": [
                  "ssm:GetParameter"
                ],
                "condition": [],
                "effect": "Allow",
                "not_actions": [],
                "not_principals": [],
                "not_resources": [],
                "principals": [],
                "resources": [
                  "arn:aws:ssm:us-east-1:730335665204:parameter/jit-renderer/dev/callback_url",
                  "arn:aws:ssm:us-east-1:730335665204:parameter/jit-renderer/dev/redis_host"
                ],
                "sid": "SSMReadConfig"
              }
            ],
            "version": "2012-10-17"
          },
          "sensitive_attributes": [],
          "identity_schema_version": 0
        }
      ]
    },
    {
      "mode": "data",
      "type": "aws_iam_policy_document",
      "name": "lambda_assume_role",
      "provider": "provider[\"registry.terraform.io/hashicorp/aws\"]",
      "instances": [
        {
          "schema_version": 0,
          "attributes": {
            "id": "2690255455",
            "json": "{\n  \"Version\": \"2012-10-17\",\n  \"Statement\": [\n    {\n      \"Effect\": \"Allow\",\n      \"Action\": \"sts:AssumeRole\",\n      \"Principal\": {\n        \"Service\": \"lambda.amazonaws.com\"\n      }\n    }\n  ]\n}",
            "minified_json": "{\"Version\":\"2012-10-17\",\"Statement\":[{\"Effect\":\"Allow\",\"Action\":\"sts:AssumeRole\",\"Principal\":{\"Service\":\"lambda.amazonaws.com\"}}]}",
            "override_json": null,
            "override_policy_documents": null,
            "policy_id": null,
            "source_json": null,
            "source_policy_documents": null,
            "statement": [
              {
                "actions": [
                  "sts:AssumeRole"
                ],
                "condition": [],
                "effect": "Allow",
                "not_actions": [],
                "not_principals": [],
                "not_resources": [],
                "principals": [
                  {
                    "identifiers": [
                      "lambda.amazonaws.com"
                    ],
                    "type": "Service"
                  }
                ],
                "resources": [],
                "sid": ""
              }
            ],
            "version": "2012-10-17"
          },
          "sensitive_attributes": [],
          "identity_schema_version": 0
        }
      ]
    },
    {
      "mode": "data",
      "type": "aws_iam_policy_document",
      "name": "lambda_metrics",
      "provider": "provider[\"registry.terraform.io/hashicorp/aws\"]",
      "instances": [
        {
          "schema_version": 0,
          "attributes": {
            "id": "881111490",
            "json": "{\n  \"Version\": \"2012-10-17\",\n  \"Statement\": [\n    {\n      \"Sid\": \"CloudWatchPutMetrics\",\n      \"Effect\": \"Allow\",\n      \"Action\": \"cloudwatch:PutMetricData\",\n      \"Resource\": \"*\"\n    }\n  ]\n}",
            "minified_json": "{\"Version\":\"2012-10-17\",\"Statement\":[{\"Sid\":\"CloudWatchPutMetrics\",\"Effect\":\"Allow\",\"Action\":\"cloudwatch:PutMetricData\",\"Resource\":\"*\"}]}",
            "override_json": null,
            "override_policy_documents": null,
            "policy_id": null,
            "source_json": null,
            "source_policy_documents": null,
            "statement": [
              {
                "actions": [
                  "cloudwatch:PutMetricData"
                ],
                "condition": [],
                "effect": "Allow",
                "not_actions": [],
                "not_principals": [],
                "not_resources": [],
                "principals": [],
                "resources": [
                  "*"
                ],
                "sid": "CloudWatchPutMetrics"
              }
            ],
            "version": "2012-10-17"
          },
          "sensitive_attributes": [],
          "identity_schema_version": 0
        }
      ]
    },
    {
      "mode": "data",
      "type": "aws_iam_policy_document",
      "name": "lambda_permissions",
      "provider": "provider[\"registry.terraform.io/hashicorp/aws\"]",
      "instances": [
        {
          "schema_version": 0,
          "attributes": {
            "id": "846231253",
            "json": "{\n  \"Version\": \"2012-10-17\",\n  \"Statement\": [\n    {\n      \"Sid\": \"CompatibilityRead\",\n      \"Effect\": \"Allow\",\n      \"Action\": \"dynamodb:GetItem\",\n      \"Resource\": \"arn:aws:dynamodb:us-east-1:730335665204:table/jit-renderer-compatibility-matrix-dev\"\n    },\n    {\n      \"Sid\": \"RenderJobsReadWrite\",\n      \"Effect\": \"Allow\",\n      \"Action\": [\n        \"dynamodb:UpdateItem\",\n        \"dynamodb:Query\",\n        \"dynamodb:PutItem\",\n        \"dynamodb:GetItem\"\n      ],\n      \"Resource\": [\n        \"arn:aws:dynamodb:us-east-1:730335665204:table/jit-renderer-render-jobs-dev/index/*\",\n        \"arn:aws:dynamodb:us-east-1:730335665204:table/jit-renderer-render-jobs-dev\"\n      ]\n    },\n    {\n      \"Sid\": \"SQSSend\",\n      \"Effect\": \"Allow\",\n      \"Action\": [\n        \"sqs:SendMessage\",\n        \"sqs:GetQueueUrl\"\n      ],\n      \"Resource\": \"arn:aws:sqs:us-east-1:730335665204:jit-renderer-jobs-dev\"\n    }\n  ]\n}",
            "minified_json": "{\"Version\":\"2012-10-17\",\"Statement\":[{\"Sid\":\"CompatibilityRead\",\"Effect\":\"Allow\",\"Action\":\"dynamodb:GetItem\",\"Resource\":\"arn:aws:dynamodb:us-east-1:730335665204:table/jit-renderer-compatibility-matrix-dev\"},{\"Sid\":\"RenderJobsReadWrite\",\"Effect\":\"Allow\",\"Action\":[\"dynamodb:UpdateItem\",\"dynamodb:Query\",\"dynamodb:PutItem\",\"dynamodb:GetItem\"],\"Resource\":[\"arn:aws:dynamodb:us-east-1:730335665204:table/jit-renderer-render-jobs-dev/index/*\",\"arn:aws:dynamodb:us-east-1:730335665204:table/jit-renderer-render-jobs-dev\"]},{\"Sid\":\"SQSSend\",\"Effect\":\"Allow\",\"Action\":[\"sqs:SendMessage\",\"sqs:GetQueueUrl\"],\"Resource\":\"arn:aws:sqs:us-east-1:730335665204:jit-renderer-jobs-dev\"}]}",
            "override_json": null,
            "override_policy_documents": null,
            "policy_id": null,
            "source_json": null,
            "source_policy_documents": null,
            "statement": [
              {
                "actions": [
                  "dynamodb:GetItem"
                ],
                "condition": [],
                "effect": "Allow",
                "not_actions": [],
                "not_principals": [],
                "not_resources": [],
                "principals": [],
                "resources": [
                  "arn:aws:dynamodb:us-east-1:730335665204:table/jit-renderer-compatibility-matrix-dev"
                ],
                "sid": "CompatibilityRead"
              },
              {
                "actions": [
                  "dynamodb:GetItem",
                  "dynamodb:PutItem",
                  "dynamodb:Query",
                  "dynamodb:UpdateItem"
                ],
                "condition": [],
                "effect": "Allow",
                "not_actions": [],
                "not_principals": [],
                "not_resources": [],
                "principals": [],
                "resources": [
                  "arn:aws:dynamodb:us-east-1:730335665204:table/jit-renderer-render-jobs-dev",
                  "arn:aws:dynamodb:us-east-1:730335665204:table/jit-renderer-render-jobs-dev/index/*"
                ],
                "sid": "RenderJobsReadWrite"
              },
              {
                "actions": [
                  "sqs:GetQueueUrl",
                  "sqs:SendMessage"
                ],
                "condition": [],
                "effect": "Allow",
                "not_actions": [],
                "not_principals": [],
                "not_resources": [],
                "principals": [],
                "resources": [
                  "arn:aws:sqs:us-east-1:730335665204:jit-renderer-jobs-dev"
                ],
                "sid": "SQSSend"
              }
            ],
            "version": "2012-10-17"
          },
          "sensitive_attributes": [],
          "identity_schema_version": 0
        }
      ]
    },
    {
      "mode": "data",
      "type": "aws_iam_policy_document",
      "name": "lambda_phase2",
      "provider": "provider[\"registry.terraform.io/hashicorp/aws\"]",
      "instances": [
        {
          "schema_version": 0,
          "attributes": {
            "id": "3655947714",
            "json": "{\n  \"Version\": \"2012-10-17\",\n  \"Statement\": [\n    {\n      \"Sid\": \"EC2Launch\",\n      \"Effect\": \"Allow\",\n      \"Action\": [\n        \"ec2:RunInstances\",\n        \"ec2:DescribeLaunchTemplates\",\n        \"ec2:DescribeLaunchTemplateVersions\",\n        \"ec2:DescribeInstances\",\n        \"ec2:CreateTags\"\n      ],\n      \"Resource\": \"*\"\n    },\n    {\n      \"Sid\": \"IAMPassRole\",\n      \"Effect\": \"Allow\",\n      \"Action\": \"iam:PassRole\",\n      \"Resource\": \"arn:aws:iam::730335665204:role/jit-renderer-ec2-instance-dev\"\n    },\n    {\n      \"Sid\": \"SQSConsume\",\n      \"Effect\": \"Allow\",\n      \"Action\": [\n        \"sqs:ReceiveMessage\",\n        \"sqs:GetQueueAttributes\",\n        \"sqs:DeleteMessage\",\n        \"sqs:ChangeMessageVisibility\"\n      ],\n      \"Resource\": \"arn:aws:sqs:us-east-1:730335665204:jit-renderer-jobs-dev\"\n    }\n  ]\n}",
            "minified_json": "{\"Version\":\"2012-10-17\",\"Statement\":[{\"Sid\":\"EC2Launch\",\"Effect\":\"Allow\",\"Action\":[\"ec2:RunInstances\",\"ec2:DescribeLaunchTemplates\",\"ec2:DescribeLaunchTemplateVersions\",\"ec2:DescribeInstances\",\"ec2:CreateTags\"],\"Resource\":\"*\"},{\"Sid\":\"IAMPassRole\",\"Effect\":\"Allow\",\"Action\":\"iam:PassRole\",\"Resource\":\"arn:aws:iam::730335665204:role/jit-renderer-ec2-instance-dev\"},{\"Sid\":\"SQSConsume\",\"Effect\":\"Allow\",\"Action\":[\"sqs:ReceiveMessage\",\"sqs:GetQueueAttributes\",\"sqs:DeleteMessage\",\"sqs:ChangeMessageVisibility\"],\"Resource\":\"arn:aws:sqs:us-east-1:730335665204:jit-renderer-jobs-dev\"}]}",
            "override_json": null,
            "override_policy_documents": null,
            "policy_id": null,
            "source_json": null,
            "source_policy_documents": null,
            "statement": [
              {
                "actions": [
                  "ec2:CreateTags",
                  "ec2:DescribeInstances",
                  "ec2:DescribeLaunchTemplateVersions",
                  "ec2:DescribeLaunchTemplates",
                  "ec2:RunInstances"
                ],
                "condition": [],
                "effect": "Allow",
                "not_actions": [],
                "not_principals": [],
                "not_resources": [],
                "principals": [],
                "resources": [
                  "*"
                ],
                "sid": "EC2Launch"
              },
              {
                "actions": [
                  "iam:PassRole"
                ],
                "condition": [],
                "effect": "Allow",
                "not_actions": [],
                "not_principals": [],
                "not_resources": [],
                "principals": [],
                "resources": [
                  "arn:aws:iam::730335665204:role/jit-renderer-ec2-instance-dev"
                ],
                "sid": "IAMPassRole"
              },
              {
                "actions": [
                  "sqs:ChangeMessageVisibility",
                  "sqs:DeleteMessage",
                  "sqs:GetQueueAttributes",
                  "sqs:ReceiveMessage"
                ],
                "condition": [],
                "effect": "Allow",
                "not_actions": [],
                "not_principals": [],
                "not_resources": [],
                "principals": [],
                "resources": [
                  "arn:aws:sqs:us-east-1:730335665204:jit-renderer-jobs-dev"
                ],
                "sid": "SQSConsume"
              }
            ],
            "version": "2012-10-17"
          },
          "sensitive_attributes": [],
          "identity_schema_version": 0
        }
      ]
    },
    {
      "mode": "data",
      "type": "aws_subnets",
      "name": "default",
      "provider": "provider[\"registry.terraform.io/hashicorp/aws\"]",
      "instances": [
        {
          "schema_version": 0,
          "attributes": {
            "filter": [
              {
                "name": "vpc-id",
                "values": [
                  "vpc-04ac66b6d2f09d59f"
                ]
              }
            ],
            "id": "us-east-1",
            "ids": [
              "subnet-0125a6c6b2dd66a78",
              "subnet-09e13f1d3d4922c1b",
              "subnet-02621fe358662449c",
              "subnet-03b00c4f745d0ab10",
              "subnet-064081cb37cf061a1",
              "subnet-0b2453d93ef04000e"
            ],
            "tags": null,
            "timeouts": null
          },
          "sensitive_attributes": [],
          "identity_schema_version": 0
        }
      ]
    },
    {
      "mode": "data",
      "type": "aws_vpc",
      "name": "default",
      "provider": "provider[\"registry.terraform.io/hashicorp/aws\"]",
      "instances": [
        {
          "schema_version": 0,
          "attributes": {
            "arn": "arn:aws:ec2:us-east-1:730335665204:vpc/vpc-04ac66b6d2f09d59f",
            "cidr_block": "172.31.0.0/16",
            "cidr_block_associations": [
              {
                "association_id": "vpc-cidr-assoc-08acb54b1cef5588a",
                "cidr_block": "172.31.0.0/16",
                "state": "associated"
              }
            ],
            "default": true,
            "dhcp_options_id": "dopt-046979e86b6c0de60",
            "enable_dns_hostnames": true,
            "enable_dns_support": true,
            "enable_network_address_usage_metrics": false,
            "filter": null,
            "id": "vpc-04ac66b6d2f09d59f",
            "instance_tenancy": "default",
            "ipv6_association_id": "",
            "ipv6_cidr_block": "",
            "main_route_table_id": "rtb-0f900cb24b3a4d53b",
            "owner_id": "730335665204",
            "state": null,
            "tags": {},
            "timeouts": null
          },
          "sensitive_attributes": [],
          "identity_schema_version": 0
        }
      ]
    },
    {
      "mode": "managed",
      "type": "aws_api_gateway_deployment",
      "name": "main",
      "provider": "provider[\"registry.terraform.io/hashicorp/aws\"]",
      "instances": [
        {
          "schema_version": 0,
          "attributes": {
            "canary_settings": [],
            "created_date": "2026-06-10T12:30:17Z",
            "description": "",
            "execution_arn": "arn:aws:execute-api:us-east-1:730335665204:i8y9bv1ohe/",
            "id": "0b7le2",
            "invoke_url": "https://i8y9bv1ohe.execute-api.us-east-1.amazonaws.com/",
            "rest_api_id": "i8y9bv1ohe",
            "stage_description": null,
            "stage_name": null,
            "triggers": {
              "redeployment": "39db9fd02554440f342572b047c3bf88913f4d94"
            },
            "variables": null
          },
          "sensitive_attributes": [],
          "identity_schema_version": 0,
          "private": "bnVsbA==",
          "dependencies": [
            "aws_api_gateway_integration.callback",
            "aws_api_gateway_integration.provision",
            "aws_api_gateway_method.callback_post",
            "aws_api_gateway_method.provision_post",
            "aws_api_gateway_resource.callback",
            "aws_api_gateway_resource.provision",
            "aws_api_gateway_rest_api.main",
            "aws_cloudwatch_log_group.callback",
            "aws_cloudwatch_log_group.orchestrator",
            "aws_dynamodb_table.compatibility_matrix",
            "aws_dynamodb_table.render_jobs",
            "aws_iam_role.lambda_exec",
            "aws_iam_role_policy_attachment.lambda_basic",
            "aws_lambda_function.callback",
            "aws_lambda_function.orchestrator",
            "aws_sqs_queue.render_jobs",
            "aws_sqs_queue.render_jobs_dlq",
            "data.archive_file.callback",
            "data.archive_file.orchestrator",
            "data.aws_iam_policy_document.lambda_assume_role"
          ],
          "create_before_destroy": true
        }
      ]
    },
    {
      "mode": "managed",
      "type": "aws_api_gateway_integration",
      "name": "callback",
      "provider": "provider[\"registry.terraform.io/hashicorp/aws\"]",
      "instances": [
        {
          "schema_version": 0,
          "attributes": {
            "cache_key_parameters": [],
            "cache_namespace": "8qup8x",
            "connection_id": "",
            "connection_type": "INTERNET",
            "content_handling": "",
            "credentials": "",
            "http_method": "POST",
            "id": "agi-i8y9bv1ohe-8qup8x-POST",
            "integration_http_method": "POST",
            "passthrough_behavior": "WHEN_NO_MATCH",
            "request_parameters": {},
            "request_templates": {},
            "resource_id": "8qup8x",
            "rest_api_id": "i8y9bv1ohe",
            "timeout_milliseconds": 29000,
            "tls_config": [],
            "type": "AWS_PROXY",
            "uri": "arn:aws:apigateway:us-east-1:lambda:path/2015-03-31/functions/arn:aws:lambda:us-east-1:730335665204:function:jit-renderer-callback-dev/invocations"
          },
          "sensitive_attributes": [],
          "identity_schema_version": 0,
          "private": "bnVsbA==",
          "dependencies": [
            "aws_api_gateway_method.callback_post",
            "aws_api_gateway_resource.callback",
            "aws_api_gateway_rest_api.main",
            "aws_cloudwatch_log_group.callback",
            "aws_dynamodb_table.render_jobs",
            "aws_iam_role.lambda_exec",
            "aws_iam_role_policy_attachment.lambda_basic",
            "aws_lambda_function.callback",
            "data.archive_file.callback",
            "data.aws_iam_policy_document.lambda_assume_role"
          ],
          "create_before_destroy": true
        }
      ]
    },
    {
      "mode": "managed",
      "type": "aws_api_gateway_integration",
      "name": "provision",
      "provider": "provider[\"registry.terraform.io/hashicorp/aws\"]",
      "instances": [
        {
          "schema_version": 0,
          "attributes": {
            "cache_key_parameters": [],
            "cache_namespace": "o3v46q",
            "connection_id": "",
            "connection_type": "INTERNET",
            "content_handling": "",
            "credentials": "",
            "http_method": "POST",
            "id": "agi-i8y9bv1ohe-o3v46q-POST",
            "integration_http_method": "POST",
            "passthrough_behavior": "WHEN_NO_MATCH",
            "request_parameters": {},
            "request_templates": {},
            "resource_id": "o3v46q",
            "rest_api_id": "i8y9bv1ohe",
            "timeout_milliseconds": 29000,
            "tls_config": [],
            "type": "AWS_PROXY",
            "uri": "arn:aws:apigateway:us-east-1:lambda:path/2015-03-31/functions/arn:aws:lambda:us-east-1:730335665204:function:jit-renderer-orchestrator-dev/invocations"
          },
          "sensitive_attributes": [],
          "identity_schema_version": 0,
          "private": "bnVsbA==",
          "dependencies": [
            "aws_api_gateway_method.provision_post",
            "aws_api_gateway_resource.provision",
            "aws_api_gateway_rest_api.main",
            "aws_cloudwatch_log_group.orchestrator",
            "aws_dynamodb_table.compatibility_matrix",
            "aws_dynamodb_table.render_jobs",
            "aws_iam_role.lambda_exec",
            "aws_iam_role_policy_attachment.lambda_basic",
            "aws_lambda_function.orchestrator",
            "aws_sqs_queue.render_jobs",
            "aws_sqs_queue.render_jobs_dlq",
            "data.archive_file.orchestrator",
            "data.aws_iam_policy_document.lambda_assume_role"
          ],
          "create_before_destroy": true
        }
      ]
    },
    {
      "mode": "managed",
      "type": "aws_api_gateway_method",
      "name": "callback_post",
      "provider": "provider[\"registry.terraform.io/hashicorp/aws\"]",
      "instances": [
        {
          "schema_version": 0,
          "attributes": {
            "api_key_required": false,
            "authorization": "NONE",
            "authorization_scopes": [],
            "authorizer_id": "",
            "http_method": "POST",
            "id": "agm-i8y9bv1ohe-8qup8x-POST",
            "operation_name": "",
            "request_models": {},
            "request_parameters": {},
            "request_validator_id": "",
            "resource_id": "8qup8x",
            "rest_api_id": "i8y9bv1ohe"
          },
          "sensitive_attributes": [],
          "identity_schema_version": 0,
          "private": "bnVsbA==",
          "dependencies": [
            "aws_api_gateway_resource.callback",
            "aws_api_gateway_rest_api.main"
          ],
          "create_before_destroy": true
        }
      ]
    },
    {
      "mode": "managed",
      "type": "aws_api_gateway_method",
      "name": "provision_post",
      "provider": "provider[\"registry.terraform.io/hashicorp/aws\"]",
      "instances": [
        {
          "schema_version": 0,
          "attributes": {
            "api_key_required": false,
            "authorization": "NONE",
            "authorization_scopes": [],
            "authorizer_id": "",
            "http_method": "POST",
            "id": "agm-i8y9bv1ohe-o3v46q-POST",
            "operation_name": "",
            "request_models": {},
            "request_parameters": {},
            "request_validator_id": "",
            "resource_id": "o3v46q",
            "rest_api_id": "i8y9bv1ohe"
          },
          "sensitive_attributes": [],
          "identity_schema_version": 0,
          "private": "bnVsbA==",
          "dependencies": [
            "aws_api_gateway_resource.provision",
            "aws_api_gateway_rest_api.main"
          ],
          "create_before_destroy": true
        }
      ]
    },
    {
      "mode": "managed",
      "type": "aws_api_gateway_resource",
      "name": "callback",
      "provider": "provider[\"registry.terraform.io/hashicorp/aws\"]",
      "instances": [
        {
          "schema_version": 0,
          "attributes": {
            "id": "8qup8x",
            "parent_id": "vmkjc9vjpa",
            "path": "/callback",
            "path_part": "callback",
            "rest_api_id": "i8y9bv1ohe"
          },
          "sensitive_attributes": [],
          "identity_schema_version": 0,
          "private": "bnVsbA==",
          "dependencies": [
            "aws_api_gateway_rest_api.main"
          ],
          "create_before_destroy": true
        }
      ]
    },
    {
      "mode": "managed",
      "type": "aws_api_gateway_resource",
      "name": "provision",
      "provider": "provider[\"registry.terraform.io/hashicorp/aws\"]",
      "instances": [
        {
          "schema_version": 0,
          "attributes": {
            "id": "o3v46q",
            "parent_id": "vmkjc9vjpa",
            "path": "/provision",
            "path_part": "provision",
            "rest_api_id": "i8y9bv1ohe"
          },
          "sensitive_attributes": [],
          "identity_schema_version": 0,
          "private": "bnVsbA==",
          "dependencies": [
            "aws_api_gateway_rest_api.main"
          ],
          "create_before_destroy": true
        }
      ]
    },
    {
      "mode": "managed",
      "type": "aws_api_gateway_rest_api",
      "name": "main",
      "provider": "provider[\"registry.terraform.io/hashicorp/aws\"]",
      "instances": [
        {
          "schema_version": 0,
          "attributes": {
            "api_key_source": "HEADER",
            "arn": "arn:aws:apigateway:us-east-1::/restapis/i8y9bv1ohe",
            "binary_media_types": [],
            "body": null,
            "created_date": "2026-06-10T12:29:14Z",
            "description": "JIT Renderer Control Plane API",
            "disable_execute_api_endpoint": false,
            "endpoint_configuration": [
              {
                "ip_address_type": "ipv4",
                "types": [
                  "REGIONAL"
                ],
                "vpc_endpoint_ids": []
              }
            ],
            "execution_arn": "arn:aws:execute-api:us-east-1:730335665204:i8y9bv1ohe",
            "fail_on_warnings": null,
            "id": "i8y9bv1ohe",
            "minimum_compression_size": "",
            "name": "jit-renderer-api-dev",
            "parameters": null,
            "policy": "",
            "put_rest_api_mode": null,
            "root_resource_id": "vmkjc9vjpa",
            "tags": {},
            "tags_all": {
              "Environment": "dev",
              "ManagedBy": "terraform",
              "Project": "jit-renderer"
            }
          },
          "sensitive_attributes": [],
          "identity_schema_version": 0,
          "private": "bnVsbA==",
          "create_before_destroy": true
        }
      ]
    },
    {
      "mode": "managed",
      "type": "aws_api_gateway_stage",
      "name": "main",
      "provider": "provider[\"registry.terraform.io/hashicorp/aws\"]",
      "instances": [
        {
          "schema_version": 0,
          "attributes": {
            "access_log_settings": [],
            "arn": "arn:aws:apigateway:us-east-1::/restapis/i8y9bv1ohe/stages/dev",
            "cache_cluster_enabled": false,
            "cache_cluster_size": "",
            "canary_settings": [],
            "client_certificate_id": "",
            "deployment_id": "0b7le2",
            "description": "",
            "documentation_version": "",
            "execution_arn": "arn:aws:execute-api:us-east-1:730335665204:i8y9bv1ohe/dev",
            "id": "ags-i8y9bv1ohe-dev",
            "invoke_url": "https://i8y9bv1ohe.execute-api.us-east-1.amazonaws.com/dev",
            "rest_api_id": "i8y9bv1ohe",
            "stage_name": "dev",
            "tags": {},
            "tags_all": {
              "Environment": "dev",
              "ManagedBy": "terraform",
              "Project": "jit-renderer"
            },
            "variables": {},
            "web_acl_arn": "",
            "xray_tracing_enabled": false
          },
          "sensitive_attributes": [],
          "identity_schema_version": 0,
          "private": "bnVsbA==",
          "dependencies": [
            "aws_api_gateway_deployment.main",
            "aws_api_gateway_integration.callback",
            "aws_api_gateway_integration.provision",
            "aws_api_gateway_method.callback_post",
            "aws_api_gateway_method.provision_post",
            "aws_api_gateway_resource.callback",
            "aws_api_gateway_resource.provision",
            "aws_api_gateway_rest_api.main",
            "aws_cloudwatch_log_group.callback",
            "aws_cloudwatch_log_group.orchestrator",
            "aws_dynamodb_table.compatibility_matrix",
            "aws_dynamodb_table.render_jobs",
            "aws_iam_role.lambda_exec",
            "aws_iam_role_policy_attachment.lambda_basic",
            "aws_lambda_function.callback",
            "aws_lambda_function.orchestrator",
            "aws_sqs_queue.render_jobs",
            "aws_sqs_queue.render_jobs_dlq",
            "data.archive_file.callback",
            "data.archive_file.orchestrator",
            "data.aws_iam_policy_document.lambda_assume_role"
          ]
        }
      ]
    },
    {
      "mode": "managed",
      "type": "aws_cloudwatch_event_rule",
      "name": "spot_interruption",
      "provider": "provider[\"registry.terraform.io/hashicorp/aws\"]",
      "instances": [
        {
          "schema_version": 1,
          "attributes": {
            "arn": "arn:aws:events:us-east-1:730335665204:rule/jit-renderer-spot-interruption-dev",
            "description": "EC2 Spot Instance Interruption Warning",
            "event_bus_name": "default",
            "event_pattern": "{\"detail-type\":[\"EC2 Spot Instance Interruption Warning\"],\"source\":[\"aws.ec2\"]}",
            "force_destroy": false,
            "id": "jit-renderer-spot-interruption-dev",
            "is_enabled": true,
            "name": "jit-renderer-spot-interruption-dev",
            "name_prefix": "",
            "role_arn": "",
            "schedule_expression": "",
            "state": "ENABLED",
            "tags": {},
            "tags_all": {
              "Environment": "dev",
              "ManagedBy": "terraform",
              "Project": "jit-renderer"
            }
          },
          "sensitive_attributes": [],
          "identity_schema_version": 0,
          "private": "eyJzY2hlbWFfdmVyc2lvbiI6IjEifQ=="
        }
      ]
    },
    {
      "mode": "managed",
      "type": "aws_cloudwatch_event_target",
      "name": "spot_handler",
      "provider": "provider[\"registry.terraform.io/hashicorp/aws\"]",
      "instances": [
        {
          "schema_version": 1,
          "attributes": {
            "appsync_target": [],
            "arn": "arn:aws:lambda:us-east-1:730335665204:function:jit-renderer-spot-handler-dev",
            "batch_target": [],
            "dead_letter_config": [],
            "ecs_target": [],
            "event_bus_name": "default",
            "force_destroy": false,
            "http_target": [],
            "id": "jit-renderer-spot-interruption-dev-terraform-20260612054110499000000002",
            "input": "",
            "input_path": "",
            "input_transformer": [],
            "kinesis_target": [],
            "redshift_target": [],
            "retry_policy": [],
            "role_arn": "",
            "rule": "jit-renderer-spot-interruption-dev",
            "run_command_targets": [],
            "sagemaker_pipeline_target": [],
            "sqs_target": [],
            "target_id": "terraform-20260612054110499000000002"
          },
          "sensitive_attributes": [],
          "identity_schema_version": 0,
          "private": "eyJzY2hlbWFfdmVyc2lvbiI6IjEifQ==",
          "dependencies": [
            "aws_cloudwatch_event_rule.spot_interruption",
            "aws_cloudwatch_log_group.spot_handler",
            "aws_dynamodb_table.render_jobs",
            "aws_iam_role.lambda_exec",
            "aws_iam_role_policy_attachment.lambda_basic",
            "aws_lambda_function.spot_handler",
            "aws_sqs_queue.render_jobs",
            "aws_sqs_queue.render_jobs_dlq",
            "data.archive_file.spot_handler",
            "data.aws_iam_policy_document.lambda_assume_role"
          ]
        }
      ]
    },
    {
      "mode": "managed",
      "type": "aws_cloudwatch_log_group",
      "name": "callback",
      "provider": "provider[\"registry.terraform.io/hashicorp/aws\"]",
      "instances": [
        {
          "schema_version": 0,
          "attributes": {
            "arn": "arn:aws:logs:us-east-1:730335665204:log-group:/aws/lambda/jit-renderer-callback-dev",
            "id": "/aws/lambda/jit-renderer-callback-dev",
            "kms_key_id": "",
            "log_group_class": "STANDARD",
            "name": "/aws/lambda/jit-renderer-callback-dev",
            "name_prefix": "",
            "retention_in_days": 14,
            "skip_destroy": false,
            "tags": {},
            "tags_all": {
              "Environment": "dev",
              "ManagedBy": "terraform",
              "Project": "jit-renderer"
            }
          },
          "sensitive_attributes": [],
          "identity_schema_version": 0,
          "private": "bnVsbA==",
          "create_before_destroy": true
        }
      ]
    },
    {
      "mode": "managed",
      "type": "aws_cloudwatch_log_group",
      "name": "orchestrator",
      "provider": "provider[\"registry.terraform.io/hashicorp/aws\"]",
      "instances": [
        {
          "schema_version": 0,
          "attributes": {
            "arn": "arn:aws:logs:us-east-1:730335665204:log-group:/aws/lambda/jit-renderer-orchestrator-dev",
            "id": "/aws/lambda/jit-renderer-orchestrator-dev",
            "kms_key_id": "",
            "log_group_class": "STANDARD",
            "name": "/aws/lambda/jit-renderer-orchestrator-dev",
            "name_prefix": "",
            "retention_in_days": 14,
            "skip_destroy": false,
            "tags": {},
            "tags_all": {
              "Environment": "dev",
              "ManagedBy": "terraform",
              "Project": "jit-renderer"
            }
          },
          "sensitive_attributes": [],
          "identity_schema_version": 0,
          "private": "bnVsbA==",
          "create_before_destroy": true
        }
      ]
    },
    {
      "mode": "managed",
      "type": "aws_cloudwatch_log_group",
      "name": "provisioner",
      "provider": "provider[\"registry.terraform.io/hashicorp/aws\"]",
      "instances": [
        {
          "schema_version": 0,
          "attributes": {
            "arn": "arn:aws:logs:us-east-1:730335665204:log-group:/aws/lambda/jit-renderer-provisioner-dev",
            "id": "/aws/lambda/jit-renderer-provisioner-dev",
            "kms_key_id": "",
            "log_group_class": "STANDARD",
            "name": "/aws/lambda/jit-renderer-provisioner-dev",
            "name_prefix": "",
            "retention_in_days": 14,
            "skip_destroy": false,
            "tags": {},
            "tags_all": {
              "Environment": "dev",
              "ManagedBy": "terraform",
              "Project": "jit-renderer"
            }
          },
          "sensitive_attributes": [],
          "identity_schema_version": 0,
          "private": "bnVsbA=="
        }
      ]
    },
    {
      "mode": "managed",
      "type": "aws_cloudwatch_log_group",
      "name": "spot_handler",
      "provider": "provider[\"registry.terraform.io/hashicorp/aws\"]",
      "instances": [
        {
          "schema_version": 0,
          "attributes": {
            "arn": "arn:aws:logs:us-east-1:730335665204:log-group:/aws/lambda/jit-renderer-spot-handler-dev",
            "id": "/aws/lambda/jit-renderer-spot-handler-dev",
            "kms_key_id": "",
            "log_group_class": "STANDARD",
            "name": "/aws/lambda/jit-renderer-spot-handler-dev",
            "name_prefix": "",
            "retention_in_days": 14,
            "skip_destroy": false,
            "tags": {},
            "tags_all": {
              "Environment": "dev",
              "ManagedBy": "terraform",
              "Project": "jit-renderer"
            }
          },
          "sensitive_attributes": [],
          "identity_schema_version": 0,
          "private": "bnVsbA=="
        }
      ]
    },
    {
      "mode": "managed",
      "type": "aws_dynamodb_table",
      "name": "compatibility_matrix",
      "provider": "provider[\"registry.terraform.io/hashicorp/aws\"]",
      "instances": [
        {
          "schema_version": 1,
          "attributes": {
            "arn": "arn:aws:dynamodb:us-east-1:730335665204:table/jit-renderer-compatibility-matrix-dev",
            "attribute": [
              {
                "name": "combo_id",
                "type": "S"
              }
            ],
            "billing_mode": "PAY_PER_REQUEST",
            "deletion_protection_enabled": false,
            "global_secondary_index": [],
            "hash_key": "combo_id",
            "id": "jit-renderer-compatibility-matrix-dev",
            "import_table": [],
            "local_secondary_index": [],
            "name": "jit-renderer-compatibility-matrix-dev",
            "on_demand_throughput": [],
            "point_in_time_recovery": [
              {
                "enabled": true,
                "recovery_period_in_days": 35
              }
            ],
            "range_key": null,
            "read_capacity": 0,
            "replica": [],
            "restore_date_time": null,
            "restore_source_name": null,
            "restore_source_table_arn": null,
            "restore_to_latest_time": null,
            "server_side_encryption": [],
            "stream_arn": "",
            "stream_enabled": false,
            "stream_label": "",
            "stream_view_type": "",
            "table_class": "STANDARD",
            "tags": {},
            "tags_all": {
              "Environment": "dev",
              "ManagedBy": "terraform",
              "Project": "jit-renderer"
            },
            "timeouts": null,
            "ttl": [
              {
                "attribute_name": "",
                "enabled": false
              }
            ],
            "write_capacity": 0
          },
          "sensitive_attributes": [],
          "identity_schema_version": 0,
          "private": "eyJlMmJmYjczMC1lY2FhLTExZTYtOGY4OC0zNDM2M2JjN2M0YzAiOnsiY3JlYXRlIjoxODAwMDAwMDAwMDAwLCJkZWxldGUiOjYwMDAwMDAwMDAwMCwidXBkYXRlIjozNjAwMDAwMDAwMDAwfSwic2NoZW1hX3ZlcnNpb24iOiIxIn0=",
          "create_before_destroy": true
        }
      ]
    },
    {
      "mode": "managed",
      "type": "aws_dynamodb_table",
      "name": "render_jobs",
      "provider": "provider[\"registry.terraform.io/hashicorp/aws\"]",
      "instances": [
        {
          "schema_version": 1,
          "attributes": {
            "arn": "arn:aws:dynamodb:us-east-1:730335665204:table/jit-renderer-render-jobs-dev",
            "attribute": [
              {
                "name": "request_id",
                "type": "S"
              },
              {
                "name": "status",
                "type": "S"
              }
            ],
            "billing_mode": "PAY_PER_REQUEST",
            "deletion_protection_enabled": false,
            "global_secondary_index": [
              {
                "hash_key": "status",
                "name": "status-index",
                "non_key_attributes": [],
                "on_demand_throughput": [],
                "projection_type": "ALL",
                "range_key": "",
                "read_capacity": 0,
                "write_capacity": 0
              }
            ],
            "hash_key": "request_id",
            "id": "jit-renderer-render-jobs-dev",
            "import_table": [],
            "local_secondary_index": [],
            "name": "jit-renderer-render-jobs-dev",
            "on_demand_throughput": [],
            "point_in_time_recovery": [
              {
                "enabled": true,
                "recovery_period_in_days": 35
              }
            ],
            "range_key": null,
            "read_capacity": 0,
            "replica": [],
            "restore_date_time": null,
            "restore_source_name": null,
            "restore_source_table_arn": null,
            "restore_to_latest_time": null,
            "server_side_encryption": [],
            "stream_arn": "",
            "stream_enabled": false,
            "stream_label": "",
            "stream_view_type": "",
            "table_class": "STANDARD",
            "tags": {},
            "tags_all": {
              "Environment": "dev",
              "ManagedBy": "terraform",
              "Project": "jit-renderer"
            },
            "timeouts": null,
            "ttl": [
              {
                "attribute_name": "ttl",
                "enabled": true
              }
            ],
            "write_capacity": 0
          },
          "sensitive_attributes": [],
          "identity_schema_version": 0,
          "private": "eyJlMmJmYjczMC1lY2FhLTExZTYtOGY4OC0zNDM2M2JjN2M0YzAiOnsiY3JlYXRlIjoxODAwMDAwMDAwMDAwLCJkZWxldGUiOjYwMDAwMDAwMDAwMCwidXBkYXRlIjozNjAwMDAwMDAwMDAwfSwic2NoZW1hX3ZlcnNpb24iOiIxIn0=",
          "create_before_destroy": true
        }
      ]
    },
    {
      "mode": "managed",
      "type": "aws_elasticache_cluster",
      "name": "config_cache",
      "provider": "provider[\"registry.terraform.io/hashicorp/aws\"]",
      "instances": [
        {
          "schema_version": 0,
          "attributes": {
            "apply_immediately": null,
            "arn": "arn:aws:elasticache:us-east-1:730335665204:cluster:jit-dev-cfg",
            "auto_minor_version_upgrade": "true",
            "availability_zone": "us-east-1b",
            "az_mode": "single-az",
            "cache_nodes": [
              {
                "address": "jit-dev-cfg.iuphzg.0001.use1.cache.amazonaws.com",
                "availability_zone": "us-east-1b",
                "id": "0001",
                "outpost_arn": "",
                "port": 6379
              }
            ],
            "cluster_address": null,
            "cluster_id": "jit-dev-cfg",
            "configuration_endpoint": null,
            "engine": "redis",
            "engine_version": "7.0",
            "engine_version_actual": "7.0.7",
            "final_snapshot_identifier": null,
            "id": "jit-dev-cfg",
            "ip_discovery": "ipv4",
            "log_delivery_configuration": [],
            "maintenance_window": "wed:09:00-wed:10:00",
            "network_type": "ipv4",
            "node_type": "cache.t3.micro",
            "notification_topic_arn": null,
            "num_cache_nodes": 1,
            "outpost_mode": null,
            "parameter_group_name": "default.redis7",
            "port": 6379,
            "preferred_availability_zones": null,
            "preferred_outpost_arn": "",
            "replication_group_id": "",
            "security_group_ids": [
              "sg-07a250dd655cbed24"
            ],
            "snapshot_arns": null,
            "snapshot_name": null,
            "snapshot_retention_limit": 0,
            "snapshot_window": "05:00-06:00",
            "subnet_group_name": "jit-renderer-cache-subnets-dev",
            "tags": {},
            "tags_all": {
              "Environment": "dev",
              "ManagedBy": "terraform",
              "Project": "jit-renderer"
            },
            "timeouts": null,
            "transit_encryption_enabled": false
          },
          "sensitive_attributes": [],
          "identity_schema_version": 0,
          "private": "eyJlMmJmYjczMC1lY2FhLTExZTYtOGY4OC0zNDM2M2JjN2M0YzAiOnsiY3JlYXRlIjoyNDAwMDAwMDAwMDAwLCJkZWxldGUiOjI0MDAwMDAwMDAwMDAsInVwZGF0ZSI6NDgwMDAwMDAwMDAwMH19",
          "dependencies": [
            "aws_elasticache_subnet_group.main",
            "aws_security_group.ec2",
            "aws_security_group.elasticache",
            "data.aws_subnets.default",
            "data.aws_vpc.default"
          ]
        }
      ]
    },
    {
      "mode": "managed",
      "type": "aws_elasticache_subnet_group",
      "name": "main",
      "provider": "provider[\"registry.terraform.io/hashicorp/aws\"]",
      "instances": [
        {
          "schema_version": 0,
          "attributes": {
            "arn": "arn:aws:elasticache:us-east-1:730335665204:subnetgroup:jit-renderer-cache-subnets-dev",
            "description": "Managed by Terraform",
            "id": "jit-renderer-cache-subnets-dev",
            "name": "jit-renderer-cache-subnets-dev",
            "subnet_ids": [
              "subnet-0125a6c6b2dd66a78",
              "subnet-02621fe358662449c",
              "subnet-03b00c4f745d0ab10",
              "subnet-064081cb37cf061a1",
              "subnet-09e13f1d3d4922c1b",
              "subnet-0b2453d93ef04000e"
            ],
            "tags": {},
            "tags_all": {
              "Environment": "dev",
              "ManagedBy": "terraform",
              "Project": "jit-renderer"
            },
            "vpc_id": "vpc-04ac66b6d2f09d59f"
          },
          "sensitive_attributes": [],
          "identity_schema_version": 0,
          "private": "bnVsbA==",
          "dependencies": [
            "data.aws_subnets.default",
            "data.aws_vpc.default"
          ]
        }
      ]
    },
    {
      "mode": "managed",
      "type": "aws_iam_instance_profile",
      "name": "ec2_profile",
      "provider": "provider[\"registry.terraform.io/hashicorp/aws\"]",
      "instances": [
        {
          "schema_version": 0,
          "attributes": {
            "arn": "arn:aws:iam::730335665204:instance-profile/jit-renderer-ec2-profile-dev",
            "create_date": "2026-06-12T05:40:37Z",
            "id": "jit-renderer-ec2-profile-dev",
            "name": "jit-renderer-ec2-profile-dev",
            "name_prefix": "",
            "path": "/",
            "role": "jit-renderer-ec2-instance-dev",
            "tags": {},
            "tags_all": {
              "Environment": "dev",
              "ManagedBy": "terraform",
              "Project": "jit-renderer"
            },
            "unique_id": "AIPA2UC3F3Q2EGYEQHS5P"
          },
          "sensitive_attributes": [],
          "identity_schema_version": 0,
          "private": "bnVsbA==",
          "dependencies": [
            "aws_iam_role.ec2_instance"
          ]
        }
      ]
    },
    {
      "mode": "managed",
      "type": "aws_iam_instance_profile",
      "name": "observability",
      "provider": "provider[\"registry.terraform.io/hashicorp/aws\"]",
      "instances": [
        {
          "schema_version": 0,
          "attributes": {
            "arn": "arn:aws:iam::730335665204:instance-profile/jit-renderer-observability-dev",
            "create_date": "2026-06-13T09:05:10Z",
            "id": "jit-renderer-observability-dev",
            "name": "jit-renderer-observability-dev",
            "name_prefix": "",
            "path": "/",
            "role": "jit-renderer-observability-dev",
            "tags": null,
            "tags_all": {
              "Environment": "dev",
              "ManagedBy": "terraform",
              "Project": "jit-renderer"
            },
            "unique_id": "AIPA2UC3F3Q2CXFVYIEEL"
          },
          "sensitive_attributes": [],
          "identity_schema_version": 0,
          "private": "bnVsbA==",
          "dependencies": [
            "aws_iam_role.observability"
          ]
        }
      ]
    },
    {
      "mode": "managed",
      "type": "aws_iam_policy",
      "name": "ec2_instance",
      "provider": "provider[\"registry.terraform.io/hashicorp/aws\"]",
      "instances": [
        {
          "schema_version": 0,
          "attributes": {
            "arn": "arn:aws:iam::730335665204:policy/jit-renderer-ec2-instance-dev",
            "attachment_count": 1,
            "description": "",
            "id": "arn:aws:iam::730335665204:policy/jit-renderer-ec2-instance-dev",
            "name": "jit-renderer-ec2-instance-dev",
            "name_prefix": "",
            "path": "/",
            "policy": "{\"Statement\":[{\"Action\":\"ssm:GetParameter\",\"Effect\":\"Allow\",\"Resource\":[\"arn:aws:ssm:us-east-1:730335665204:parameter/jit-renderer/dev/redis_host\",\"arn:aws:ssm:us-east-1:730335665204:parameter/jit-renderer/dev/callback_url\"],\"Sid\":\"SSMReadConfig\"}],\"Version\":\"2012-10-17\"}",
            "policy_id": "ANPA2UC3F3Q2A2LVRCIYC",
            "tags": {},
            "tags_all": {
              "Environment": "dev",
              "ManagedBy": "terraform",
              "Project": "jit-renderer"
            }
          },
          "sensitive_attributes": [],
          "identity_schema_version": 0,
          "private": "bnVsbA==",
          "dependencies": [
            "aws_api_gateway_deployment.main",
            "aws_api_gateway_integration.callback",
            "aws_api_gateway_integration.provision",
            "aws_api_gateway_method.callback_post",
            "aws_api_gateway_method.provision_post",
            "aws_api_gateway_resource.callback",
            "aws_api_gateway_resource.provision",
            "aws_api_gateway_rest_api.main",
            "aws_api_gateway_stage.main",
            "aws_cloudwatch_log_group.callback",
            "aws_cloudwatch_log_group.orchestrator",
            "aws_dynamodb_table.compatibility_matrix",
            "aws_dynamodb_table.render_jobs",
            "aws_elasticache_cluster.config_cache",
            "aws_elasticache_subnet_group.main",
            "aws_iam_role.lambda_exec",
            "aws_iam_role_policy_attachment.lambda_basic",
            "aws_lambda_function.callback",
            "aws_lambda_function.orchestrator",
            "aws_security_group.ec2",
            "aws_security_group.elasticache",
            "aws_sqs_queue.render_jobs",
            "aws_sqs_queue.render_jobs_dlq",
            "aws_ssm_parameter.callback_url",
            "aws_ssm_parameter.redis_host",
            "data.archive_file.callback",
            "data.archive_file.orchestrator",
            "data.aws_iam_policy_document.ec2_instance",
            "data.aws_iam_policy_document.lambda_assume_role",
            "data.aws_subnets.default",
            "data.aws_vpc.default"
          ]
        }
      ]
    },
    {
      "mode": "managed",
      "type": "aws_iam_policy",
      "name": "lambda_metrics",
      "provider": "provider[\"registry.terraform.io/hashicorp/aws\"]",
      "instances": [
        {
          "schema_version": 0,
          "attributes": {
            "arn": "arn:aws:iam::730335665204:policy/jit-renderer-lambda-metrics-dev",
            "attachment_count": 0,
            "description": "",
            "id": "arn:aws:iam::730335665204:policy/jit-renderer-lambda-metrics-dev",
            "name": "jit-renderer-lambda-metrics-dev",
            "name_prefix": "",
            "path": "/",
            "policy": "{\"Statement\":[{\"Action\":\"cloudwatch:PutMetricData\",\"Effect\":\"Allow\",\"Resource\":\"*\",\"Sid\":\"CloudWatchPutMetrics\"}],\"Version\":\"2012-10-17\"}",
            "policy_id": "ANPA2UC3F3Q2GADDW6VJ5",
            "tags": null,
            "tags_all": {
              "Environment": "dev",
              "ManagedBy": "terraform",
              "Project": "jit-renderer"
            }
          },
          "sensitive_attributes": [],
          "identity_schema_version": 0,
          "private": "bnVsbA==",
          "dependencies": [
            "data.aws_iam_policy_document.lambda_metrics"
          ]
        }
      ]
    },
    {
      "mode": "managed",
      "type": "aws_iam_policy",
      "name": "lambda_permissions",
      "provider": "provider[\"registry.terraform.io/hashicorp/aws\"]",
      "instances": [
        {
          "schema_version": 0,
          "attributes": {
            "arn": "arn:aws:iam::730335665204:policy/jit-renderer-lambda-policy-dev",
            "attachment_count": 1,
            "description": "",
            "id": "arn:aws:iam::730335665204:policy/jit-renderer-lambda-policy-dev",
            "name": "jit-renderer-lambda-policy-dev",
            "name_prefix": "",
            "path": "/",
            "policy": "{\"Statement\":[{\"Action\":\"dynamodb:GetItem\",\"Effect\":\"Allow\",\"Resource\":\"arn:aws:dynamodb:us-east-1:730335665204:table/jit-renderer-compatibility-matrix-dev\",\"Sid\":\"CompatibilityRead\"},{\"Action\":[\"dynamodb:UpdateItem\",\"dynamodb:Query\",\"dynamodb:PutItem\",\"dynamodb:GetItem\"],\"Effect\":\"Allow\",\"Resource\":[\"arn:aws:dynamodb:us-east-1:730335665204:table/jit-renderer-render-jobs-dev/index/*\",\"arn:aws:dynamodb:us-east-1:730335665204:table/jit-renderer-render-jobs-dev\"],\"Sid\":\"RenderJobsReadWrite\"},{\"Action\":[\"sqs:SendMessage\",\"sqs:GetQueueUrl\"],\"Effect\":\"Allow\",\"Resource\":\"arn:aws:sqs:us-east-1:730335665204:jit-renderer-jobs-dev\",\"Sid\":\"SQSSend\"}],\"Version\":\"2012-10-17\"}",
            "policy_id": "ANPA2UC3F3Q2EOZTMI7SB",
            "tags": {},
            "tags_all": {
              "Environment": "dev",
              "ManagedBy": "terraform",
              "Project": "jit-renderer"
            }
          },
          "sensitive_attributes": [],
          "identity_schema_version": 0,
          "private": "bnVsbA==",
          "dependencies": [
            "aws_dynamodb_table.compatibility_matrix",
            "aws_dynamodb_table.render_jobs",
            "aws_sqs_queue.render_jobs",
            "aws_sqs_queue.render_jobs_dlq",
            "data.aws_iam_policy_document.lambda_permissions"
          ]
        }
      ]
    },
    {
      "mode": "managed",
      "type": "aws_iam_policy",
      "name": "lambda_phase2",
      "provider": "provider[\"registry.terraform.io/hashicorp/aws\"]",
      "instances": [
        {
          "schema_version": 0,
          "attributes": {
            "arn": "arn:aws:iam::730335665204:policy/jit-renderer-lambda-phase2-dev",
            "attachment_count": 1,
            "description": "",
            "id": "arn:aws:iam::730335665204:policy/jit-renderer-lambda-phase2-dev",
            "name": "jit-renderer-lambda-phase2-dev",
            "name_prefix": "",
            "path": "/",
            "policy": "{\"Statement\":[{\"Action\":[\"ec2:RunInstances\",\"ec2:DescribeLaunchTemplates\",\"ec2:DescribeLaunchTemplateVersions\",\"ec2:DescribeInstances\",\"ec2:CreateTags\"],\"Effect\":\"Allow\",\"Resource\":\"*\",\"Sid\":\"EC2Launch\"},{\"Action\":\"iam:PassRole\",\"Effect\":\"Allow\",\"Resource\":\"arn:aws:iam::730335665204:role/jit-renderer-ec2-instance-dev\",\"Sid\":\"IAMPassRole\"},{\"Action\":[\"sqs:ReceiveMessage\",\"sqs:GetQueueAttributes\",\"sqs:DeleteMessage\",\"sqs:ChangeMessageVisibility\"],\"Effect\":\"Allow\",\"Resource\":\"arn:aws:sqs:us-east-1:730335665204:jit-renderer-jobs-dev\",\"Sid\":\"SQSConsume\"}],\"Version\":\"2012-10-17\"}",
            "policy_id": "ANPA2UC3F3Q2OIOX5HV6R",
            "tags": {},
            "tags_all": {
              "Environment": "dev",
              "ManagedBy": "terraform",
              "Project": "jit-renderer"
            }
          },
          "sensitive_attributes": [],
          "identity_schema_version": 0,
          "private": "bnVsbA==",
          "dependencies": [
            "aws_iam_role.ec2_instance",
            "aws_sqs_queue.render_jobs",
            "aws_sqs_queue.render_jobs_dlq",
            "data.aws_iam_policy_document.lambda_phase2"
          ]
        }
      ]
    },
    {
      "mode": "managed",
      "type": "aws_iam_role",
      "name": "ec2_instance",
      "provider": "provider[\"registry.terraform.io/hashicorp/aws\"]",
      "instances": [
        {
          "schema_version": 0,
          "attributes": {
            "arn": "arn:aws:iam::730335665204:role/jit-renderer-ec2-instance-dev",
            "assume_role_policy": "{\"Statement\":[{\"Action\":\"sts:AssumeRole\",\"Effect\":\"Allow\",\"Principal\":{\"Service\":\"ec2.amazonaws.com\"}}],\"Version\":\"2012-10-17\"}",
            "create_date": "2026-06-12T05:40:34Z",
            "description": "",
            "force_detach_policies": false,
            "id": "jit-renderer-ec2-instance-dev",
            "inline_policy": [],
            "managed_policy_arns": [
              "arn:aws:iam::730335665204:policy/jit-renderer-ec2-instance-dev",
              "arn:aws:iam::aws:policy/AmazonSSMManagedInstanceCore"
            ],
            "max_session_duration": 3600,
            "name": "jit-renderer-ec2-instance-dev",
            "name_prefix": "",
            "path": "/",
            "permissions_boundary": "",
            "tags": {},
            "tags_all": {
              "Environment": "dev",
              "ManagedBy": "terraform",
              "Project": "jit-renderer"
            },
            "unique_id": "AROA2UC3F3Q2FW6X2RXZK"
          },
          "sensitive_attributes": [],
          "identity_schema_version": 0,
          "private": "bnVsbA=="
        }
      ]
    },
    {
      "mode": "managed",
      "type": "aws_iam_role",
      "name": "lambda_exec",
      "provider": "provider[\"registry.terraform.io/hashicorp/aws\"]",
      "instances": [
        {
          "schema_version": 0,
          "attributes": {
            "arn": "arn:aws:iam::730335665204:role/jit-renderer-lambda-exec-dev",
            "assume_role_policy": "{\"Statement\":[{\"Action\":\"sts:AssumeRole\",\"Effect\":\"Allow\",\"Principal\":{\"Service\":\"lambda.amazonaws.com\"}}],\"Version\":\"2012-10-17\"}",
            "create_date": "2026-06-10T12:29:13Z",
            "description": "",
            "force_detach_policies": false,
            "id": "jit-renderer-lambda-exec-dev",
            "inline_policy": [],
            "managed_policy_arns": [
              "arn:aws:iam::730335665204:policy/jit-renderer-lambda-phase2-dev",
              "arn:aws:iam::730335665204:policy/jit-renderer-lambda-policy-dev",
              "arn:aws:iam::aws:policy/service-role/AWSLambdaBasicExecutionRole"
            ],
            "max_session_duration": 3600,
            "name": "jit-renderer-lambda-exec-dev",
            "name_prefix": "",
            "path": "/",
            "permissions_boundary": "",
            "tags": {},
            "tags_all": {
              "Environment": "dev",
              "ManagedBy": "terraform",
              "Project": "jit-renderer"
            },
            "unique_id": "AROA2UC3F3Q2GC6CT25PU"
          },
          "sensitive_attributes": [],
          "identity_schema_version": 0,
          "private": "bnVsbA==",
          "dependencies": [
            "data.aws_iam_policy_document.lambda_assume_role"
          ],
          "create_before_destroy": true
        }
      ]
    },
    {
      "mode": "managed",
      "type": "aws_iam_role",
      "name": "observability",
      "provider": "provider[\"registry.terraform.io/hashicorp/aws\"]",
      "instances": [
        {
          "schema_version": 0,
          "attributes": {
            "arn": "arn:aws:iam::730335665204:role/jit-renderer-observability-dev",
            "assume_role_policy": "{\"Statement\":[{\"Action\":\"sts:AssumeRole\",\"Effect\":\"Allow\",\"Principal\":{\"Service\":\"ec2.amazonaws.com\"}}],\"Version\":\"2012-10-17\"}",
            "create_date": "2026-06-13T09:05:08Z",
            "description": "",
            "force_detach_policies": false,
            "id": "jit-renderer-observability-dev",
            "inline_policy": [],
            "managed_policy_arns": [],
            "max_session_duration": 3600,
            "name": "jit-renderer-observability-dev",
            "name_prefix": "",
            "path": "/",
            "permissions_boundary": "",
            "tags": null,
            "tags_all": {
              "Environment": "dev",
              "ManagedBy": "terraform",
              "Project": "jit-renderer"
            },
            "unique_id": "AROA2UC3F3Q2K5FWKWKST"
          },
          "sensitive_attributes": [],
          "identity_schema_version": 0,
          "private": "bnVsbA=="
        }
      ]
    },
    {
      "mode": "managed",
      "type": "aws_iam_role_policy_attachment",
      "name": "ec2_instance",
      "provider": "provider[\"registry.terraform.io/hashicorp/aws\"]",
      "instances": [
        {
          "schema_version": 0,
          "attributes": {
            "id": "jit-renderer-ec2-instance-dev-20260612055332582300000003",
            "policy_arn": "arn:aws:iam::730335665204:policy/jit-renderer-ec2-instance-dev",
            "role": "jit-renderer-ec2-instance-dev"
          },
          "sensitive_attributes": [],
          "identity_schema_version": 0,
          "private": "bnVsbA==",
          "dependencies": [
            "aws_api_gateway_deployment.main",
            "aws_api_gateway_integration.callback",
            "aws_api_gateway_integration.provision",
            "aws_api_gateway_method.callback_post",
            "aws_api_gateway_method.provision_post",
            "aws_api_gateway_resource.callback",
            "aws_api_gateway_resource.provision",
            "aws_api_gateway_rest_api.main",
            "aws_api_gateway_stage.main",
            "aws_cloudwatch_log_group.callback",
            "aws_cloudwatch_log_group.orchestrator",
            "aws_dynamodb_table.compatibility_matrix",
            "aws_dynamodb_table.render_jobs",
            "aws_elasticache_cluster.config_cache",
            "aws_elasticache_subnet_group.main",
            "aws_iam_policy.ec2_instance",
            "aws_iam_role.ec2_instance",
            "aws_iam_role.lambda_exec",
            "aws_iam_role_policy_attachment.lambda_basic",
            "aws_lambda_function.callback",
            "aws_lambda_function.orchestrator",
            "aws_security_group.ec2",
            "aws_security_group.elasticache",
            "aws_sqs_queue.render_jobs",
            "aws_sqs_queue.render_jobs_dlq",
            "aws_ssm_parameter.callback_url",
            "aws_ssm_parameter.redis_host",
            "data.archive_file.callback",
            "data.archive_file.orchestrator",
            "data.aws_iam_policy_document.ec2_instance",
            "data.aws_iam_policy_document.lambda_assume_role",
            "data.aws_subnets.default",
            "data.aws_vpc.default"
          ]
        }
      ]
    },
    {
      "mode": "managed",
      "type": "aws_iam_role_policy_attachment",
      "name": "ec2_ssm",
      "provider": "provider[\"registry.terraform.io/hashicorp/aws\"]",
      "instances": [
        {
          "schema_version": 0,
          "attributes": {
            "id": "jit-renderer-ec2-instance-dev-20260612093622086400000002",
            "policy_arn": "arn:aws:iam::aws:policy/AmazonSSMManagedInstanceCore",
            "role": "jit-renderer-ec2-instance-dev"
          },
          "sensitive_attributes": [],
          "identity_schema_version": 0,
          "private": "bnVsbA==",
          "dependencies": [
            "aws_iam_role.ec2_instance"
          ]
        }
      ]
    },
    {
      "mode": "managed",
      "type": "aws_iam_role_policy_attachment",
      "name": "lambda_basic",
      "provider": "provider[\"registry.terraform.io/hashicorp/aws\"]",
      "instances": [
        {
          "schema_version": 0,
          "attributes": {
            "id": "jit-renderer-lambda-exec-dev-20260610122938242400000001",
            "policy_arn": "arn:aws:iam::aws:policy/service-role/AWSLambdaBasicExecutionRole",
            "role": "jit-renderer-lambda-exec-dev"
          },
          "sensitive_attributes": [],
          "identity_schema_version": 0,
          "private": "bnVsbA==",
          "dependencies": [
            "aws_iam_role.lambda_exec",
            "data.aws_iam_policy_document.lambda_assume_role"
          ],
          "create_before_destroy": true
        }
      ]
    },
    {
      "mode": "managed",
      "type": "aws_iam_role_policy_attachment",
      "name": "lambda_metrics",
      "provider": "provider[\"registry.terraform.io/hashicorp/aws\"]",
      "instances": [
        {
          "schema_version": 0,
          "attributes": {
            "id": "jit-renderer-lambda-exec-dev-20260613090533335300000001",
            "policy_arn": "arn:aws:iam::730335665204:policy/jit-renderer-lambda-metrics-dev",
            "role": "jit-renderer-lambda-exec-dev"
          },
          "sensitive_attributes": [],
          "identity_schema_version": 0,
          "private": "bnVsbA==",
          "dependencies": [
            "aws_iam_policy.lambda_metrics",
            "aws_iam_role.lambda_exec",
            "data.aws_iam_policy_document.lambda_assume_role",
            "data.aws_iam_policy_document.lambda_metrics"
          ]
        }
      ]
    },
    {
      "mode": "managed",
      "type": "aws_iam_role_policy_attachment",
      "name": "lambda_permissions",
      "provider": "provider[\"registry.terraform.io/hashicorp/aws\"]",
      "instances": [
        {
          "schema_version": 0,
          "attributes": {
            "id": "jit-renderer-lambda-exec-dev-20260610123033009200000002",
            "policy_arn": "arn:aws:iam::730335665204:policy/jit-renderer-lambda-policy-dev",
            "role": "jit-renderer-lambda-exec-dev"
          },
          "sensitive_attributes": [],
          "identity_schema_version": 0,
          "private": "bnVsbA==",
          "dependencies": [
            "aws_dynamodb_table.compatibility_matrix",
            "aws_dynamodb_table.render_jobs",
            "aws_iam_policy.lambda_permissions",
            "aws_iam_role.lambda_exec",
            "aws_sqs_queue.render_jobs",
            "aws_sqs_queue.render_jobs_dlq",
            "data.aws_iam_policy_document.lambda_assume_role",
            "data.aws_iam_policy_document.lambda_permissions"
          ]
        }
      ]
    },
    {
      "mode": "managed",
      "type": "aws_iam_role_policy_attachment",
      "name": "lambda_phase2",
      "provider": "provider[\"registry.terraform.io/hashicorp/aws\"]",
      "instances": [
        {
          "schema_version": 0,
          "attributes": {
            "id": "jit-renderer-lambda-exec-dev-20260612054101857400000001",
            "policy_arn": "arn:aws:iam::730335665204:policy/jit-renderer-lambda-phase2-dev",
            "role": "jit-renderer-lambda-exec-dev"
          },
          "sensitive_attributes": [],
          "identity_schema_version": 0,
          "private": "bnVsbA==",
          "dependencies": [
            "aws_iam_policy.lambda_phase2",
            "aws_iam_role.ec2_instance",
            "aws_iam_role.lambda_exec",
            "aws_sqs_queue.render_jobs",
            "aws_sqs_queue.render_jobs_dlq",
            "data.aws_iam_policy_document.lambda_assume_role",
            "data.aws_iam_policy_document.lambda_phase2"
          ]
        }
      ]
    },
    {
      "mode": "managed",
      "type": "aws_iam_role_policy_attachment",
      "name": "observability_cloudwatch",
      "provider": "provider[\"registry.terraform.io/hashicorp/aws\"]",
      "instances": [
        {
          "schema_version": 0,
          "attributes": {
            "id": "jit-renderer-observability-dev-20260613090533442200000002",
            "policy_arn": "arn:aws:iam::aws:policy/CloudWatchReadOnlyAccess",
            "role": "jit-renderer-observability-dev"
          },
          "sensitive_attributes": [],
          "identity_schema_version": 0,
          "private": "bnVsbA==",
          "dependencies": [
            "aws_iam_role.observability"
          ]
        }
      ]
    },
    {
      "mode": "managed",
      "type": "aws_iam_role_policy_attachment",
      "name": "observability_ssm",
      "provider": "provider[\"registry.terraform.io/hashicorp/aws\"]",
      "instances": [
        {
          "schema_version": 0,
          "attributes": {
            "id": "jit-renderer-observability-dev-20260613090533645800000003",
            "policy_arn": "arn:aws:iam::aws:policy/AmazonSSMManagedInstanceCore",
            "role": "jit-renderer-observability-dev"
          },
          "sensitive_attributes": [],
          "identity_schema_version": 0,
          "private": "bnVsbA==",
          "dependencies": [
            "aws_iam_role.observability"
          ]
        }
      ]
    },
    {
      "mode": "managed",
      "type": "aws_instance",
      "name": "observability",
      "provider": "provider[\"registry.terraform.io/hashicorp/aws\"]",
      "instances": [
        {
          "schema_version": 1,
          "attributes": {
            "ami": "ami-083eb03ee8ae87bb1",
            "arn": "arn:aws:ec2:us-east-1:730335665204:instance/i-0a6ca6332b0e4a3a7",
            "associate_public_ip_address": true,
            "availability_zone": "us-east-1c",
            "capacity_reservation_specification": [
              {
                "capacity_reservation_preference": "open",
                "capacity_reservation_target": []
              }
            ],
            "cpu_core_count": 1,
            "cpu_options": [
              {
                "amd_sev_snp": "",
                "core_count": 1,
                "threads_per_core": 2
              }
            ],
            "cpu_threads_per_core": 2,
            "credit_specification": [
              {
                "cpu_credits": "unlimited"
              }
            ],
            "disable_api_stop": false,
            "disable_api_termination": false,
            "ebs_block_device": [],
            "ebs_optimized": false,
            "enable_primary_ipv6": null,
            "enclave_options": [
              {
                "enabled": false
              }
            ],
            "ephemeral_block_device": [],
            "get_password_data": false,
            "hibernation": false,
            "host_id": "",
            "host_resource_group_arn": null,
            "iam_instance_profile": "jit-renderer-observability-dev",
            "id": "i-0a6ca6332b0e4a3a7",
            "instance_initiated_shutdown_behavior": "stop",
            "instance_lifecycle": "",
            "instance_market_options": [],
            "instance_state": "running",
            "instance_type": "t3.small",
            "ipv6_address_count": 0,
            "ipv6_addresses": [],
            "key_name": "",
            "launch_template": [],
            "maintenance_options": [
              {
                "auto_recovery": "default"
              }
            ],
            "metadata_options": [
              {
                "http_endpoint": "enabled",
                "http_protocol_ipv6": "disabled",
                "http_put_response_hop_limit": 2,
                "http_tokens": "required",
                "instance_metadata_tags": "disabled"
              }
            ],
            "monitoring": false,
            "network_interface": [],
            "outpost_arn": "",
            "password_data": "",
            "placement_group": "",
            "placement_partition_number": 0,
            "primary_network_interface_id": "eni-06739ae9fddb6833b",
            "private_dns": "ip-172-31-24-242.ec2.internal",
            "private_dns_name_options": [
              {
                "enable_resource_name_dns_a_record": false,
                "enable_resource_name_dns_aaaa_record": false,
                "hostname_type": "ip-name"
              }
            ],
            "private_ip": "172.31.24.242",
            "public_dns": "ec2-3-90-250-189.compute-1.amazonaws.com",
            "public_ip": "3.90.250.189",
            "root_block_device": [
              {
                "delete_on_termination": true,
                "device_name": "/dev/xvda",
                "encrypted": false,
                "iops": 3000,
                "kms_key_id": "",
                "tags": {
                  "Environment": "dev",
                  "ManagedBy": "terraform",
                  "Project": "jit-renderer"
                },
                "tags_all": {
                  "Environment": "dev",
                  "ManagedBy": "terraform",
                  "Project": "jit-renderer"
                },
                "throughput": 125,
                "volume_id": "vol-06cc2c8f61820d20f",
                "volume_size": 2,
                "volume_type": "gp3"
              }
            ],
            "secondary_private_ips": [],
            "security_groups": [
              "jit-renderer-observability-dev"
            ],
            "source_dest_check": true,
            "spot_instance_request_id": "",
            "subnet_id": "subnet-03b00c4f745d0ab10",
            "tags": {
              "Name": "jit-renderer-observability-dev"
            },
            "tags_all": {
              "Environment": "dev",
              "ManagedBy": "terraform",
              "Name": "jit-renderer-observability-dev",
              "Project": "jit-renderer"
            },
            "tenancy": "default",
            "timeouts": null,
            "user_data": "7b90a0c1f9e7861b8e86f5f3d919e7737d5a9bc5",
            "user_data_base64": null,
            "user_data_replace_on_change": false,
            "volume_tags": null,
            "vpc_security_group_ids": [
              "sg-0c358a64ec21802ff"
            ]
          },
          "sensitive_attributes": [],
          "identity_schema_version": 0,
          "private": "eyJlMmJmYjczMC1lY2FhLTExZTYtOGY4OC0zNDM2M2JjN2M0YzAiOnsiY3JlYXRlIjo2MDAwMDAwMDAwMDAsImRlbGV0ZSI6MTIwMDAwMDAwMDAwMCwicmVhZCI6OTAwMDAwMDAwMDAwLCJ1cGRhdGUiOjYwMDAwMDAwMDAwMH0sInNjaGVtYV92ZXJzaW9uIjoiMSJ9",
          "dependencies": [
            "aws_iam_instance_profile.observability",
            "aws_iam_role.observability",
            "aws_security_group.observability",
            "data.aws_ami.amazon_linux_2023",
            "data.aws_vpc.default"
          ]
        }
      ]
    },
    {
      "mode": "managed",
      "type": "aws_lambda_event_source_mapping",
      "name": "provisioner_sqs",
      "provider": "provider[\"registry.terraform.io/hashicorp/aws\"]",
      "instances": [
        {
          "schema_version": 0,
          "attributes": {
            "amazon_managed_kafka_event_source_config": [],
            "arn": "arn:aws:lambda:us-east-1:730335665204:event-source-mapping:cc67b74a-a55e-4ce5-a24a-ae6dc6e99745",
            "batch_size": 1,
            "bisect_batch_on_function_error": false,
            "destination_config": [],
            "document_db_event_source_config": [],
            "enabled": true,
            "event_source_arn": "arn:aws:sqs:us-east-1:730335665204:jit-renderer-jobs-dev",
            "filter_criteria": [],
            "function_arn": "arn:aws:lambda:us-east-1:730335665204:function:jit-renderer-provisioner-dev",
            "function_name": "arn:aws:lambda:us-east-1:730335665204:function:jit-renderer-provisioner-dev",
            "function_response_types": [],
            "id": "cc67b74a-a55e-4ce5-a24a-ae6dc6e99745",
            "kms_key_arn": "",
            "last_modified": "2026-06-12T05:53:25Z",
            "last_processing_result": "",
            "maximum_batching_window_in_seconds": 0,
            "maximum_record_age_in_seconds": 0,
            "maximum_retry_attempts": 0,
            "metrics_config": [],
            "parallelization_factor": 0,
            "provisioned_poller_config": [],
            "queues": [],
            "scaling_config": [],
            "self_managed_event_source": [],
            "self_managed_kafka_event_source_config": [],
            "source_access_configuration": [],
            "starting_position": "",
            "starting_position_timestamp": "",
            "state": "Enabled",
            "state_transition_reason": "USER_INITIATED",
            "tags": {},
            "tags_all": {
              "Environment": "dev",
              "ManagedBy": "terraform",
              "Project": "jit-renderer"
            },
            "topics": [],
            "tumbling_window_in_seconds": 0,
            "uuid": "cc67b74a-a55e-4ce5-a24a-ae6dc6e99745"
          },
          "sensitive_attributes": [],
          "identity_schema_version": 0,
          "private": "bnVsbA==",
          "dependencies": [
            "aws_api_gateway_deployment.main",
            "aws_api_gateway_integration.callback",
            "aws_api_gateway_integration.provision",
            "aws_api_gateway_method.callback_post",
            "aws_api_gateway_method.provision_post",
            "aws_api_gateway_resource.callback",
            "aws_api_gateway_resource.provision",
            "aws_api_gateway_rest_api.main",
            "aws_api_gateway_stage.main",
            "aws_cloudwatch_log_group.callback",
            "aws_cloudwatch_log_group.orchestrator",
            "aws_cloudwatch_log_group.provisioner",
            "aws_dynamodb_table.compatibility_matrix",
            "aws_dynamodb_table.render_jobs",
            "aws_elasticache_cluster.config_cache",
            "aws_elasticache_subnet_group.main",
            "aws_iam_instance_profile.ec2_profile",
            "aws_iam_role.ec2_instance",
            "aws_iam_role.lambda_exec",
            "aws_iam_role_policy_attachment.lambda_basic",
            "aws_lambda_function.callback",
            "aws_lambda_function.orchestrator",
            "aws_lambda_function.provisioner",
            "aws_launch_template.render_worker",
            "aws_security_group.ec2",
            "aws_security_group.elasticache",
            "aws_sqs_queue.render_jobs",
            "aws_sqs_queue.render_jobs_dlq",
            "aws_ssm_parameter.callback_url",
            "aws_ssm_parameter.redis_host",
            "data.archive_file.callback",
            "data.archive_file.orchestrator",
            "data.archive_file.provisioner",
            "data.aws_ami.amazon_linux_2023",
            "data.aws_iam_policy_document.lambda_assume_role",
            "data.aws_subnets.default",
            "data.aws_vpc.default"
          ]
        }
      ]
    },
    {
      "mode": "managed",
      "type": "aws_lambda_function",
      "name": "callback",
      "provider": "provider[\"registry.terraform.io/hashicorp/aws\"]",
      "instances": [
        {
          "schema_version": 0,
          "attributes": {
            "architectures": [
              "x86_64"
            ],
            "arn": "arn:aws:lambda:us-east-1:730335665204:function:jit-renderer-callback-dev",
            "code_sha256": "6q8u1/RdSM1oDISiFrX9IFXoskS2QOzP2bVMl+xZ4Gs=",
            "code_signing_config_arn": "",
            "dead_letter_config": [],
            "description": "",
            "environment": [
              {
                "variables": {
                  "ENVIRONMENT": "dev",
                  "RENDER_JOBS_TABLE": "jit-renderer-render-jobs-dev"
                }
              }
            ],
            "ephemeral_storage": [
              {
                "size": 512
              }
            ],
            "file_system_config": [],
            "filename": "./../dist/callback.zip",
            "function_name": "jit-renderer-callback-dev",
            "handler": "handler.lambda_handler",
            "id": "jit-renderer-callback-dev",
            "image_config": [],
            "image_uri": "",
            "invoke_arn": "arn:aws:apigateway:us-east-1:lambda:path/2015-03-31/functions/arn:aws:lambda:us-east-1:730335665204:function:jit-renderer-callback-dev/invocations",
            "kms_key_arn": "",
            "last_modified": "2026-06-13T09:05:15.000+0000",
            "layers": [],
            "logging_config": [
              {
                "application_log_level": "",
                "log_format": "Text",
                "log_group": "/aws/lambda/jit-renderer-callback-dev",
                "system_log_level": ""
              }
            ],
            "memory_size": 128,
            "package_type": "Zip",
            "publish": false,
            "qualified_arn": "arn:aws:lambda:us-east-1:730335665204:function:jit-renderer-callback-dev:$LATEST",
            "qualified_invoke_arn": "arn:aws:apigateway:us-east-1:lambda:path/2015-03-31/functions/arn:aws:lambda:us-east-1:730335665204:function:jit-renderer-callback-dev:$LATEST/invocations",
            "replace_security_groups_on_destroy": null,
            "replacement_security_group_ids": null,
            "reserved_concurrent_executions": -1,
            "role": "arn:aws:iam::730335665204:role/jit-renderer-lambda-exec-dev",
            "runtime": "python3.12",
            "s3_bucket": null,
            "s3_key": null,
            "s3_object_version": null,
            "signing_job_arn": "",
            "signing_profile_version_arn": "",
            "skip_destroy": false,
            "snap_start": [],
            "source_code_hash": "6q8u1/RdSM1oDISiFrX9IFXoskS2QOzP2bVMl+xZ4Gs=",
            "source_code_size": 1374,
            "tags": {},
            "tags_all": {
              "Environment": "dev",
              "ManagedBy": "terraform",
              "Project": "jit-renderer"
            },
            "timeout": 15,
            "timeouts": null,
            "tracing_config": [
              {
                "mode": "PassThrough"
              }
            ],
            "version": "$LATEST",
            "vpc_config": []
          },
          "sensitive_attributes": [],
          "identity_schema_version": 0,
          "private": "eyJlMmJmYjczMC1lY2FhLTExZTYtOGY4OC0zNDM2M2JjN2M0YzAiOnsiY3JlYXRlIjo2MDAwMDAwMDAwMDAsImRlbGV0ZSI6NjAwMDAwMDAwMDAwLCJ1cGRhdGUiOjYwMDAwMDAwMDAwMH19",
          "dependencies": [
            "aws_cloudwatch_log_group.callback",
            "aws_dynamodb_table.render_jobs",
            "aws_iam_role.lambda_exec",
            "aws_iam_role_policy_attachment.lambda_basic",
            "data.archive_file.callback",
            "data.aws_iam_policy_document.lambda_assume_role"
          ],
          "create_before_destroy": true
        }
      ]
    },
    {
      "mode": "managed",
      "type": "aws_lambda_function",
      "name": "orchestrator",
      "provider": "provider[\"registry.terraform.io/hashicorp/aws\"]",
      "instances": [
        {
          "schema_version": 0,
          "attributes": {
            "architectures": [
              "x86_64"
            ],
            "arn": "arn:aws:lambda:us-east-1:730335665204:function:jit-renderer-orchestrator-dev",
            "code_sha256": "mFUVwRNYI++M5NXIVH9h1o0o03UIVQJT6t1+HP/mom0=",
            "code_signing_config_arn": "",
            "dead_letter_config": [],
            "description": "",
            "environment": [
              {
                "variables": {
                  "DYNAMODB_TABLE": "jit-renderer-compatibility-matrix-dev",
                  "ENVIRONMENT": "dev",
                  "QUEUE_URL": "https://sqs.us-east-1.amazonaws.com/730335665204/jit-renderer-jobs-dev",
                  "RENDER_JOBS_TABLE": "jit-renderer-render-jobs-dev"
                }
              }
            ],
            "ephemeral_storage": [
              {
                "size": 512
              }
            ],
            "file_system_config": [],
            "filename": "./../dist/orchestrator.zip",
            "function_name": "jit-renderer-orchestrator-dev",
            "handler": "handler.lambda_handler",
            "id": "jit-renderer-orchestrator-dev",
            "image_config": [],
            "image_uri": "",
            "invoke_arn": "arn:aws:apigateway:us-east-1:lambda:path/2015-03-31/functions/arn:aws:lambda:us-east-1:730335665204:function:jit-renderer-orchestrator-dev/invocations",
            "kms_key_arn": "",
            "last_modified": "2026-06-13T09:05:22.000+0000",
            "layers": [],
            "logging_config": [
              {
                "application_log_level": "",
                "log_format": "Text",
                "log_group": "/aws/lambda/jit-renderer-orchestrator-dev",
                "system_log_level": ""
              }
            ],
            "memory_size": 256,
            "package_type": "Zip",
            "publish": false,
            "qualified_arn": "arn:aws:lambda:us-east-1:730335665204:function:jit-renderer-orchestrator-dev:$LATEST",
            "qualified_invoke_arn": "arn:aws:apigateway:us-east-1:lambda:path/2015-03-31/functions/arn:aws:lambda:us-east-1:730335665204:function:jit-renderer-orchestrator-dev:$LATEST/invocations",
            "replace_security_groups_on_destroy": null,
            "replacement_security_group_ids": null,
            "reserved_concurrent_executions": -1,
            "role": "arn:aws:iam::730335665204:role/jit-renderer-lambda-exec-dev",
            "runtime": "python3.12",
            "s3_bucket": null,
            "s3_key": null,
            "s3_object_version": null,
            "signing_job_arn": "",
            "signing_profile_version_arn": "",
            "skip_destroy": false,
            "snap_start": [],
            "source_code_hash": "mFUVwRNYI++M5NXIVH9h1o0o03UIVQJT6t1+HP/mom0=",
            "source_code_size": 1524,
            "tags": {},
            "tags_all": {
              "Environment": "dev",
              "ManagedBy": "terraform",
              "Project": "jit-renderer"
            },
            "timeout": 30,
            "timeouts": null,
            "tracing_config": [
              {
                "mode": "PassThrough"
              }
            ],
            "version": "$LATEST",
            "vpc_config": []
          },
          "sensitive_attributes": [],
          "identity_schema_version": 0,
          "private": "eyJlMmJmYjczMC1lY2FhLTExZTYtOGY4OC0zNDM2M2JjN2M0YzAiOnsiY3JlYXRlIjo2MDAwMDAwMDAwMDAsImRlbGV0ZSI6NjAwMDAwMDAwMDAwLCJ1cGRhdGUiOjYwMDAwMDAwMDAwMH19",
          "dependencies": [
            "aws_cloudwatch_log_group.orchestrator",
            "aws_dynamodb_table.compatibility_matrix",
            "aws_dynamodb_table.render_jobs",
            "aws_iam_role.lambda_exec",
            "aws_iam_role_policy_attachment.lambda_basic",
            "aws_sqs_queue.render_jobs",
            "aws_sqs_queue.render_jobs_dlq",
            "data.archive_file.orchestrator",
            "data.aws_iam_policy_document.lambda_assume_role"
          ],
          "create_before_destroy": true
        }
      ]
    },
    {
      "mode": "managed",
      "type": "aws_lambda_function",
      "name": "provisioner",
      "provider": "provider[\"registry.terraform.io/hashicorp/aws\"]",
      "instances": [
        {
          "schema_version": 0,
          "attributes": {
            "architectures": [
              "x86_64"
            ],
            "arn": "arn:aws:lambda:us-east-1:730335665204:function:jit-renderer-provisioner-dev",
            "code_sha256": "cmWvOuHs0uZ68P2cWRhJZpQD6oVTJGi2KHIbi0qci9E=",
            "code_signing_config_arn": "",
            "dead_letter_config": [],
            "description": "",
            "environment": [
              {
                "variables": {
                  "ENVIRONMENT": "dev",
                  "LAUNCH_TEMPLATE_ID": "lt-0c246abb875123038",
                  "RENDER_JOBS_TABLE": "jit-renderer-render-jobs-dev"
                }
              }
            ],
            "ephemeral_storage": [
              {
                "size": 512
              }
            ],
            "file_system_config": [],
            "filename": "./../dist/provisioner.zip",
            "function_name": "jit-renderer-provisioner-dev",
            "handler": "handler.lambda_handler",
            "id": "jit-renderer-provisioner-dev",
            "image_config": [],
            "image_uri": "",
            "invoke_arn": "arn:aws:apigateway:us-east-1:lambda:path/2015-03-31/functions/arn:aws:lambda:us-east-1:730335665204:function:jit-renderer-provisioner-dev/invocations",
            "kms_key_arn": "",
            "last_modified": "2026-06-12T05:53:17.624+0000",
            "layers": [],
            "logging_config": [
              {
                "application_log_level": "",
                "log_format": "Text",
                "log_group": "/aws/lambda/jit-renderer-provisioner-dev",
                "system_log_level": ""
              }
            ],
            "memory_size": 256,
            "package_type": "Zip",
            "publish": false,
            "qualified_arn": "arn:aws:lambda:us-east-1:730335665204:function:jit-renderer-provisioner-dev:$LATEST",
            "qualified_invoke_arn": "arn:aws:apigateway:us-east-1:lambda:path/2015-03-31/functions/arn:aws:lambda:us-east-1:730335665204:function:jit-renderer-provisioner-dev:$LATEST/invocations",
            "replace_security_groups_on_destroy": null,
            "replacement_security_group_ids": null,
            "reserved_concurrent_executions": -1,
            "role": "arn:aws:iam::730335665204:role/jit-renderer-lambda-exec-dev",
            "runtime": "python3.12",
            "s3_bucket": null,
            "s3_key": null,
            "s3_object_version": null,
            "signing_job_arn": "",
            "signing_profile_version_arn": "",
            "skip_destroy": false,
            "snap_start": [],
            "source_code_hash": "cmWvOuHs0uZ68P2cWRhJZpQD6oVTJGi2KHIbi0qci9E=",
            "source_code_size": 1444,
            "tags": {},
            "tags_all": {
              "Environment": "dev",
              "ManagedBy": "terraform",
              "Project": "jit-renderer"
            },
            "timeout": 60,
            "timeouts": null,
            "tracing_config": [
              {
                "mode": "PassThrough"
              }
            ],
            "version": "$LATEST",
            "vpc_config": []
          },
          "sensitive_attributes": [],
          "identity_schema_version": 0,
          "private": "eyJlMmJmYjczMC1lY2FhLTExZTYtOGY4OC0zNDM2M2JjN2M0YzAiOnsiY3JlYXRlIjo2MDAwMDAwMDAwMDAsImRlbGV0ZSI6NjAwMDAwMDAwMDAwLCJ1cGRhdGUiOjYwMDAwMDAwMDAwMH19",
          "dependencies": [
            "aws_api_gateway_deployment.main",
            "aws_api_gateway_integration.callback",
            "aws_api_gateway_integration.provision",
            "aws_api_gateway_method.callback_post",
            "aws_api_gateway_method.provision_post",
            "aws_api_gateway_resource.callback",
            "aws_api_gateway_resource.provision",
            "aws_api_gateway_rest_api.main",
            "aws_api_gateway_stage.main",
            "aws_cloudwatch_log_group.callback",
            "aws_cloudwatch_log_group.orchestrator",
            "aws_cloudwatch_log_group.provisioner",
            "aws_dynamodb_table.compatibility_matrix",
            "aws_dynamodb_table.render_jobs",
            "aws_elasticache_cluster.config_cache",
            "aws_elasticache_subnet_group.main",
            "aws_iam_instance_profile.ec2_profile",
            "aws_iam_role.ec2_instance",
            "aws_iam_role.lambda_exec",
            "aws_iam_role_policy_attachment.lambda_basic",
            "aws_lambda_function.callback",
            "aws_lambda_function.orchestrator",
            "aws_launch_template.render_worker",
            "aws_security_group.ec2",
            "aws_security_group.elasticache",
            "aws_sqs_queue.render_jobs",
            "aws_sqs_queue.render_jobs_dlq",
            "aws_ssm_parameter.callback_url",
            "aws_ssm_parameter.redis_host",
            "data.archive_file.callback",
            "data.archive_file.orchestrator",
            "data.archive_file.provisioner",
            "data.aws_ami.amazon_linux_2023",
            "data.aws_iam_policy_document.lambda_assume_role",
            "data.aws_subnets.default",
            "data.aws_vpc.default"
          ]
        }
      ]
    },
    {
      "mode": "managed",
      "type": "aws_lambda_function",
      "name": "spot_handler",
      "provider": "provider[\"registry.terraform.io/hashicorp/aws\"]",
      "instances": [
        {
          "schema_version": 0,
          "attributes": {
            "architectures": [
              "x86_64"
            ],
            "arn": "arn:aws:lambda:us-east-1:730335665204:function:jit-renderer-spot-handler-dev",
            "code_sha256": "35h0ARL2GqTi6i/rgvhzpQZbpOlPdpsVqoRIGC3rnCI=",
            "code_signing_config_arn": "",
            "dead_letter_config": [],
            "description": "",
            "environment": [
              {
                "variables": {
                  "ENVIRONMENT": "dev",
                  "QUEUE_URL": "https://sqs.us-east-1.amazonaws.com/730335665204/jit-renderer-jobs-dev",
                  "RENDER_JOBS_TABLE": "jit-renderer-render-jobs-dev"
                }
              }
            ],
            "ephemeral_storage": [
              {
                "size": 512
              }
            ],
            "file_system_config": [],
            "filename": "./../dist/spot_handler.zip",
            "function_name": "jit-renderer-spot-handler-dev",
            "handler": "handler.lambda_handler",
            "id": "jit-renderer-spot-handler-dev",
            "image_config": [],
            "image_uri": "",
            "invoke_arn": "arn:aws:apigateway:us-east-1:lambda:path/2015-03-31/functions/arn:aws:lambda:us-east-1:730335665204:function:jit-renderer-spot-handler-dev/invocations",
            "kms_key_arn": "",
            "last_modified": "2026-06-13T09:05:08.000+0000",
            "layers": [],
            "logging_config": [
              {
                "application_log_level": "",
                "log_format": "Text",
                "log_group": "/aws/lambda/jit-renderer-spot-handler-dev",
                "system_log_level": ""
              }
            ],
            "memory_size": 128,
            "package_type": "Zip",
            "publish": false,
            "qualified_arn": "arn:aws:lambda:us-east-1:730335665204:function:jit-renderer-spot-handler-dev:$LATEST",
            "qualified_invoke_arn": "arn:aws:apigateway:us-east-1:lambda:path/2015-03-31/functions/arn:aws:lambda:us-east-1:730335665204:function:jit-renderer-spot-handler-dev:$LATEST/invocations",
            "replace_security_groups_on_destroy": null,
            "replacement_security_group_ids": null,
            "reserved_concurrent_executions": -1,
            "role": "arn:aws:iam::730335665204:role/jit-renderer-lambda-exec-dev",
            "runtime": "python3.12",
            "s3_bucket": null,
            "s3_key": null,
            "s3_object_version": null,
            "signing_job_arn": "",
            "signing_profile_version_arn": "",
            "skip_destroy": false,
            "snap_start": [],
            "source_code_hash": "35h0ARL2GqTi6i/rgvhzpQZbpOlPdpsVqoRIGC3rnCI=",
            "source_code_size": 1250,
            "tags": {},
            "tags_all": {
              "Environment": "dev",
              "ManagedBy": "terraform",
              "Project": "jit-renderer"
            },
            "timeout": 30,
            "timeouts": null,
            "tracing_config": [
              {
                "mode": "PassThrough"
              }
            ],
            "version": "$LATEST",
            "vpc_config": []
          },
          "sensitive_attributes": [],
          "identity_schema_version": 0,
          "private": "eyJlMmJmYjczMC1lY2FhLTExZTYtOGY4OC0zNDM2M2JjN2M0YzAiOnsiY3JlYXRlIjo2MDAwMDAwMDAwMDAsImRlbGV0ZSI6NjAwMDAwMDAwMDAwLCJ1cGRhdGUiOjYwMDAwMDAwMDAwMH19",
          "dependencies": [
            "aws_cloudwatch_log_group.spot_handler",
            "aws_dynamodb_table.render_jobs",
            "aws_iam_role.lambda_exec",
            "aws_iam_role_policy_attachment.lambda_basic",
            "aws_sqs_queue.render_jobs",
            "aws_sqs_queue.render_jobs_dlq",
            "data.archive_file.spot_handler",
            "data.aws_iam_policy_document.lambda_assume_role"
          ]
        }
      ]
    },
    {
      "mode": "managed",
      "type": "aws_lambda_permission",
      "name": "callback_apigw",
      "provider": "provider[\"registry.terraform.io/hashicorp/aws\"]",
      "instances": [
        {
          "schema_version": 0,
          "attributes": {
            "action": "lambda:InvokeFunction",
            "event_source_token": null,
            "function_name": "jit-renderer-callback-dev",
            "function_url_auth_type": null,
            "id": "AllowAPIGatewayInvoke",
            "principal": "apigateway.amazonaws.com",
            "principal_org_id": null,
            "qualifier": "",
            "source_account": null,
            "source_arn": "arn:aws:execute-api:us-east-1:730335665204:i8y9bv1ohe/*/*",
            "statement_id": "AllowAPIGatewayInvoke",
            "statement_id_prefix": ""
          },
          "sensitive_attributes": [],
          "identity_schema_version": 0,
          "private": "bnVsbA==",
          "dependencies": [
            "aws_api_gateway_rest_api.main",
            "aws_cloudwatch_log_group.callback",
            "aws_dynamodb_table.render_jobs",
            "aws_iam_role.lambda_exec",
            "aws_iam_role_policy_attachment.lambda_basic",
            "aws_lambda_function.callback",
            "data.archive_file.callback",
            "data.aws_iam_policy_document.lambda_assume_role"
          ]
        }
      ]
    },
    {
      "mode": "managed",
      "type": "aws_lambda_permission",
      "name": "orchestrator_apigw",
      "provider": "provider[\"registry.terraform.io/hashicorp/aws\"]",
      "instances": [
        {
          "schema_version": 0,
          "attributes": {
            "action": "lambda:InvokeFunction",
            "event_source_token": null,
            "function_name": "jit-renderer-orchestrator-dev",
            "function_url_auth_type": null,
            "id": "AllowAPIGatewayInvoke",
            "principal": "apigateway.amazonaws.com",
            "principal_org_id": null,
            "qualifier": "",
            "source_account": null,
            "source_arn": "arn:aws:execute-api:us-east-1:730335665204:i8y9bv1ohe/*/*",
            "statement_id": "AllowAPIGatewayInvoke",
            "statement_id_prefix": ""
          },
          "sensitive_attributes": [],
          "identity_schema_version": 0,
          "private": "bnVsbA==",
          "dependencies": [
            "aws_api_gateway_rest_api.main",
            "aws_cloudwatch_log_group.orchestrator",
            "aws_dynamodb_table.compatibility_matrix",
            "aws_dynamodb_table.render_jobs",
            "aws_iam_role.lambda_exec",
            "aws_iam_role_policy_attachment.lambda_basic",
            "aws_lambda_function.orchestrator",
            "aws_sqs_queue.render_jobs",
            "aws_sqs_queue.render_jobs_dlq",
            "data.archive_file.orchestrator",
            "data.aws_iam_policy_document.lambda_assume_role"
          ]
        }
      ]
    },
    {
      "mode": "managed",
      "type": "aws_lambda_permission",
      "name": "spot_handler_eventbridge",
      "provider": "provider[\"registry.terraform.io/hashicorp/aws\"]",
      "instances": [
        {
          "schema_version": 0,
          "attributes": {
            "action": "lambda:InvokeFunction",
            "event_source_token": null,
            "function_name": "jit-renderer-spot-handler-dev",
            "function_url_auth_type": null,
            "id": "AllowEventBridgeInvoke",
            "principal": "events.amazonaws.com",
            "principal_org_id": null,
            "qualifier": "",
            "source_account": null,
            "source_arn": "arn:aws:events:us-east-1:730335665204:rule/jit-renderer-spot-interruption-dev",
            "statement_id": "AllowEventBridgeInvoke",
            "statement_id_prefix": ""
          },
          "sensitive_attributes": [],
          "identity_schema_version": 0,
          "private": "bnVsbA==",
          "dependencies": [
            "aws_cloudwatch_event_rule.spot_interruption",
            "aws_cloudwatch_log_group.spot_handler",
            "aws_dynamodb_table.render_jobs",
            "aws_iam_role.lambda_exec",
            "aws_iam_role_policy_attachment.lambda_basic",
            "aws_lambda_function.spot_handler",
            "aws_sqs_queue.render_jobs",
            "aws_sqs_queue.render_jobs_dlq",
            "data.archive_file.spot_handler",
            "data.aws_iam_policy_document.lambda_assume_role"
          ]
        }
      ]
    },
    {
      "mode": "managed",
      "type": "aws_launch_template",
      "name": "render_worker",
      "provider": "provider[\"registry.terraform.io/hashicorp/aws\"]",
      "instances": [
        {
          "schema_version": 0,
          "attributes": {
            "arn": "arn:aws:ec2:us-east-1:730335665204:launch-template/lt-0c246abb875123038",
            "block_device_mappings": [],
            "capacity_reservation_specification": [],
            "cpu_options": [],
            "credit_specification": [],
            "default_version": 1,
            "description": "",
            "disable_api_stop": false,
            "disable_api_termination": false,
            "ebs_optimized": "",
            "elastic_gpu_specifications": [],
            "elastic_inference_accelerator": [],
            "enclave_options": [],
            "hibernation_options": [],
            "iam_instance_profile": [
              {
                "arn": "arn:aws:iam::730335665204:instance-profile/jit-renderer-ec2-profile-dev",
                "name": ""
              }
            ],
            "id": "lt-0c246abb875123038",
            "image_id": "ami-083eb03ee8ae87bb1",
            "instance_initiated_shutdown_behavior": "",
            "instance_market_options": [
              {
                "market_type": "spot",
                "spot_options": [
                  {
                    "block_duration_minutes": 0,
                    "instance_interruption_behavior": "terminate",
                    "max_price": "",
                    "spot_instance_type": "one-time",
                    "valid_until": ""
                  }
                ]
              }
            ],
            "instance_requirements": [],
            "instance_type": "t3.medium",
            "kernel_id": "",
            "key_name": "",
            "latest_version": 9,
            "license_specification": [],
            "maintenance_options": [],
            "metadata_options": [
              {
                "http_endpoint": "enabled",
                "http_protocol_ipv6": "",
                "http_put_response_hop_limit": 0,
                "http_tokens": "required",
                "instance_metadata_tags": "enabled"
              }
            ],
            "monitoring": [],
            "name": "jit-renderer-worker-20260612055330279400000001",
            "name_prefix": "jit-renderer-worker-",
            "network_interfaces": [],
            "placement": [],
            "private_dns_name_options": [],
            "ram_disk_id": "",
            "security_group_names": [],
            "tag_specifications": [
              {
                "resource_type": "instance",
                "tags": {
                  "Environment": "dev",
                  "ManagedBy": "jit-renderer",
                  "Project": "jit-renderer"
                }
              },
              {
                "resource_type": "volume",
                "tags": {
                  "Environment": "dev",
                  "Project": "jit-renderer"
                }
              }
            ],
            "tags": {},
            "tags_all": {
              "Environment": "dev",
              "ManagedBy": "terraform",
              "Project": "jit-renderer"
            },
            "update_default_version": null,
            "user_data": "IyEvYmluL2Jhc2gKTE9HPS92YXIvbG9nL2Jvb3RzdHJhcC5sb2cKZXhlYyA+PiAkTE9HIDI+JjEKZWNobyAiW2Jvb3RzdHJhcF0gc3RhcnRpbmcgYXQgJChkYXRlIC11KSIKCiMgV2FpdCBmb3IgaW5zdGFuY2UgbWV0YWRhdGEgYW5kIHJvbGUgdG8gYmUgZnVsbHkgcmVhZHkKc2xlZXAgMjYwCmVjaG8gIltib290c3RyYXBdIHdhaXRlZCAxNXMgZm9yIHJvbGUgYXR0YWNobWVudCIKClRPS0VOPSQoY3VybCAtc2YgLVggUFVUICJodHRwOi8vMTY5LjI1NC4xNjkuMjU0L2xhdGVzdC9hcGkvdG9rZW4iIFwKICAtSCAiWC1hd3MtZWMyLW1ldGFkYXRhLXRva2VuLXR0bC1zZWNvbmRzOiAyMTYwMCIpCmVjaG8gIltib290c3RyYXBdIGdvdCBJTURTdjIgdG9rZW4iCgpJTlNUQU5DRV9JRD0kKGN1cmwgLXNmIFwKICAtSCAiWC1hd3MtZWMyLW1ldGFkYXRhLXRva2VuOiAkVE9LRU4iIFwKICAiaHR0cDovLzE2OS4yNTQuMTY5LjI1NC9sYXRlc3QvbWV0YS1kYXRhL2luc3RhbmNlLWlkIikKClJFR0lPTj0kKGN1cmwgLXNmIFwKICAtSCAiWC1hd3MtZWMyLW1ldGFkYXRhLXRva2VuOiAkVE9LRU4iIFwKICAiaHR0cDovLzE2OS4yNTQuMTY5LjI1NC9sYXRlc3QvbWV0YS1kYXRhL3BsYWNlbWVudC9yZWdpb24iKQoKUkVRVUVTVF9JRD0kKGN1cmwgLXNmIFwKICAtSCAiWC1hd3MtZWMyLW1ldGFkYXRhLXRva2VuOiAkVE9LRU4iIFwKICAiaHR0cDovLzE2OS4yNTQuMTY5LjI1NC9sYXRlc3QvbWV0YS1kYXRhL3RhZ3MvaW5zdGFuY2UvcmVxdWVzdF9pZCIpCgpDT01CT19JRD0kKGN1cmwgLXNmIFwKICAtSCAiWC1hd3MtZWMyLW1ldGFkYXRhLXRva2VuOiAkVE9LRU4iIFwKICAiaHR0cDovLzE2OS4yNTQuMTY5LjI1NC9sYXRlc3QvbWV0YS1kYXRhL3RhZ3MvaW5zdGFuY2UvY29tYm9faWQiKQoKZWNobyAiW2Jvb3RzdHJhcF0gaW5zdGFuY2U9JElOU1RBTkNFX0lEIHJlZ2lvbj0kUkVHSU9OIHJlcXVlc3RfaWQ9JFJFUVVFU1RfSUQgY29tYm89JENPTUJPX0lEIgoKIyBSZXRyeSBTU00gcGFyYW1ldGVyIGZldGNoIHVwIHRvIDUgdGltZXMKZm9yIGkgaW4gMSAyIDMgNCA1OyBkbwogIENBTExCQUNLX1VSTD0kKGF3cyBzc20gZ2V0LXBhcmFtZXRlciBcCiAgICAtLW5hbWUgIi9qaXQtcmVuZGVyZXIvZGV2L2NhbGxiYWNrX3VybCIgXAogICAgLS1yZWdpb24gIiRSRUdJT04iIFwKICAgIC0tcXVlcnkgIlBhcmFtZXRlci5WYWx1ZSIgXAogICAgLS1vdXRwdXQgdGV4dCAyPi9kZXYvbnVsbCkgJiYgYnJlYWsKICBlY2hvICJbYm9vdHN0cmFwXSBTU00gYXR0ZW1wdCAkaSBmYWlsZWQsIHJldHJ5aW5nIGluIDEwcyIKICBzbGVlcCAyNTAKZG9uZQoKUkVESVNfSE9TVD0kKGF3cyBzc20gZ2V0LXBhcmFtZXRlciBcCiAgLS1uYW1lICIvaml0LXJlbmRlcmVyL2Rldi9yZWRpc19ob3N0IiBcCiAgLS1yZWdpb24gIiRSRUdJT04iIFwKICAtLXF1ZXJ5ICJQYXJhbWV0ZXIuVmFsdWUiIFwKICAtLW91dHB1dCB0ZXh0KQoKZWNobyAiW2Jvb3RzdHJhcF0gY2FsbGJhY2s9JENBTExCQUNLX1VSTCByZWRpcz0kUkVESVNfSE9TVCIKCmRuZiBpbnN0YWxsIC15IHJlZGlzNiAtLXF1aWV0IHx8IGVjaG8gIltib290c3RyYXBdIFdBUk5JTkc6IHJlZGlzNiBpbnN0YWxsIGZhaWxlZCIKCkNBQ0hFX0tFWT0iY29uZmlnOiRDT01CT19JRCIKQ0FDSEVEPSQocmVkaXMtY2xpIC1oICIkUkVESVNfSE9TVCIgLXAgNjM3OSBHRVQgIiRDQUNIRV9LRVkiIDI+L2Rldi9udWxsIHx8IGVjaG8gIiIpCgppZiBbIC16ICIkQ0FDSEVEIiBdOyB0aGVuCiAgZWNobyAiW2Jvb3RzdHJhcF0gY2FjaGUgbWlzcyIKICByZWRpcy1jbGkgLWggIiRSRURJU19IT1NUIiAtcCA2Mzc5IFNFVEVYICIkQ0FDSEVfS0VZIiAzNjAwICJjb25maWdfJENPTUJPX0lEIiB8fCB0cnVlCmVsc2UKICBlY2hvICJbYm9vdHN0cmFwXSBjYWNoZSBoaXQiCmZpCgpjdXJsIC1zZiAtWCBQT1NUICIkQ0FMTEJBQ0tfVVJMIiBcCiAgLUggIkNvbnRlbnQtVHlwZTogYXBwbGljYXRpb24vanNvbiIgXAogIC1kICJ7XCJyZXF1ZXN0X2lkXCI6XCIkUkVRVUVTVF9JRFwiLFwic3RhdHVzXCI6XCJyZWFkeVwiLFwiaW5zdGFuY2VfaWRcIjpcIiRJTlNUQU5DRV9JRFwiLFwiY2xvdWRcIjpcImF3c1wifSIKCmVjaG8gIltib290c3RyYXBdIGNvbXBsZXRlIGF0ICQoZGF0ZSAtdSkiCg==",
            "vpc_security_group_ids": [
              "sg-009fc61112a277b91"
            ]
          },
          "sensitive_attributes": [],
          "identity_schema_version": 0,
          "private": "bnVsbA==",
          "dependencies": [
            "aws_api_gateway_deployment.main",
            "aws_api_gateway_integration.callback",
            "aws_api_gateway_integration.provision",
            "aws_api_gateway_method.callback_post",
            "aws_api_gateway_method.provision_post",
            "aws_api_gateway_resource.callback",
            "aws_api_gateway_resource.provision",
            "aws_api_gateway_rest_api.main",
            "aws_api_gateway_stage.main",
            "aws_cloudwatch_log_group.callback",
            "aws_cloudwatch_log_group.orchestrator",
            "aws_dynamodb_table.compatibility_matrix",
            "aws_dynamodb_table.render_jobs",
            "aws_elasticache_cluster.config_cache",
            "aws_elasticache_subnet_group.main",
            "aws_iam_instance_profile.ec2_profile",
            "aws_iam_role.ec2_instance",
            "aws_iam_role.lambda_exec",
            "aws_iam_role_policy_attachment.lambda_basic",
            "aws_lambda_function.callback",
            "aws_lambda_function.orchestrator",
            "aws_security_group.ec2",
            "aws_security_group.elasticache",
            "aws_sqs_queue.render_jobs",
            "aws_sqs_queue.render_jobs_dlq",
            "aws_ssm_parameter.callback_url",
            "aws_ssm_parameter.redis_host",
            "data.archive_file.callback",
            "data.archive_file.orchestrator",
            "data.aws_ami.amazon_linux_2023",
            "data.aws_iam_policy_document.lambda_assume_role",
            "data.aws_subnets.default",
            "data.aws_vpc.default"
          ]
        }
      ]
    },
    {
      "mode": "managed",
      "type": "aws_security_group",
      "name": "ec2",
      "provider": "provider[\"registry.terraform.io/hashicorp/aws\"]",
      "instances": [
        {
          "schema_version": 1,
          "attributes": {
            "arn": "arn:aws:ec2:us-east-1:730335665204:security-group/sg-009fc61112a277b91",
            "description": "Render worker EC2 instances",
            "egress": [
              {
                "cidr_blocks": [
                  "0.0.0.0/0"
                ],
                "description": "",
                "from_port": 0,
                "ipv6_cidr_blocks": [],
                "prefix_list_ids": [],
                "protocol": "-1",
                "security_groups": [],
                "self": false,
                "to_port": 0
              }
            ],
            "id": "sg-009fc61112a277b91",
            "ingress": [],
            "name": "jit-renderer-ec2-dev",
            "name_prefix": "",
            "owner_id": "730335665204",
            "revoke_rules_on_delete": false,
            "tags": {
              "Name": "jit-renderer-ec2-dev"
            },
            "tags_all": {
              "Environment": "dev",
              "ManagedBy": "terraform",
              "Name": "jit-renderer-ec2-dev",
              "Project": "jit-renderer"
            },
            "timeouts": null,
            "vpc_id": "vpc-04ac66b6d2f09d59f"
          },
          "sensitive_attributes": [],
          "identity_schema_version": 0,
          "private": "eyJlMmJmYjczMC1lY2FhLTExZTYtOGY4OC0zNDM2M2JjN2M0YzAiOnsiY3JlYXRlIjo2MDAwMDAwMDAwMDAsImRlbGV0ZSI6OTAwMDAwMDAwMDAwfSwic2NoZW1hX3ZlcnNpb24iOiIxIn0=",
          "dependencies": [
            "data.aws_vpc.default"
          ]
        }
      ]
    },
    {
      "mode": "managed",
      "type": "aws_security_group",
      "name": "elasticache",
      "provider": "provider[\"registry.terraform.io/hashicorp/aws\"]",
      "instances": [
        {
          "schema_version": 1,
          "attributes": {
            "arn": "arn:aws:ec2:us-east-1:730335665204:security-group/sg-07a250dd655cbed24",
            "description": "ElastiCache Redis - EC2 workers only",
            "egress": [
              {
                "cidr_blocks": [
                  "0.0.0.0/0"
                ],
                "description": "",
                "from_port": 0,
                "ipv6_cidr_blocks": [],
                "prefix_list_ids": [],
                "protocol": "-1",
                "security_groups": [],
                "self": false,
                "to_port": 0
              }
            ],
            "id": "sg-07a250dd655cbed24",
            "ingress": [
              {
                "cidr_blocks": [],
                "description": "Redis from EC2 workers",
                "from_port": 6379,
                "ipv6_cidr_blocks": [],
                "prefix_list_ids": [],
                "protocol": "tcp",
                "security_groups": [
                  "sg-009fc61112a277b91"
                ],
                "self": false,
                "to_port": 6379
              }
            ],
            "name": "jit-renderer-cache-dev",
            "name_prefix": "",
            "owner_id": "730335665204",
            "revoke_rules_on_delete": false,
            "tags": {
              "Name": "jit-renderer-cache-dev"
            },
            "tags_all": {
              "Environment": "dev",
              "ManagedBy": "terraform",
              "Name": "jit-renderer-cache-dev",
              "Project": "jit-renderer"
            },
            "timeouts": null,
            "vpc_id": "vpc-04ac66b6d2f09d59f"
          },
          "sensitive_attributes": [],
          "identity_schema_version": 0,
          "private": "eyJlMmJmYjczMC1lY2FhLTExZTYtOGY4OC0zNDM2M2JjN2M0YzAiOnsiY3JlYXRlIjo2MDAwMDAwMDAwMDAsImRlbGV0ZSI6OTAwMDAwMDAwMDAwfSwic2NoZW1hX3ZlcnNpb24iOiIxIn0=",
          "dependencies": [
            "aws_security_group.ec2",
            "data.aws_vpc.default"
          ]
        }
      ]
    },
    {
      "mode": "managed",
      "type": "aws_security_group",
      "name": "observability",
      "provider": "provider[\"registry.terraform.io/hashicorp/aws\"]",
      "instances": [
        {
          "schema_version": 1,
          "attributes": {
            "arn": "arn:aws:ec2:us-east-1:730335665204:security-group/sg-0c358a64ec21802ff",
            "description": "Grafana and Prometheus observability server",
            "egress": [
              {
                "cidr_blocks": [
                  "0.0.0.0/0"
                ],
                "description": "",
                "from_port": 0,
                "ipv6_cidr_blocks": [],
                "prefix_list_ids": [],
                "protocol": "-1",
                "security_groups": [],
                "self": false,
                "to_port": 0
              }
            ],
            "id": "sg-0c358a64ec21802ff",
            "ingress": [
              {
                "cidr_blocks": [
                  "0.0.0.0/0"
                ],
                "description": "Grafana",
                "from_port": 3000,
                "ipv6_cidr_blocks": [],
                "prefix_list_ids": [],
                "protocol": "tcp",
                "security_groups": [],
                "self": false,
                "to_port": 3000
              },
              {
                "cidr_blocks": [
                  "172.31.0.0/16"
                ],
                "description": "Prometheus",
                "from_port": 9090,
                "ipv6_cidr_blocks": [],
                "prefix_list_ids": [],
                "protocol": "tcp",
                "security_groups": [],
                "self": false,
                "to_port": 9090
              }
            ],
            "name": "jit-renderer-observability-dev",
            "name_prefix": "",
            "owner_id": "730335665204",
            "revoke_rules_on_delete": false,
            "tags": {
              "Name": "jit-renderer-observability-dev"
            },
            "tags_all": {
              "Environment": "dev",
              "ManagedBy": "terraform",
              "Name": "jit-renderer-observability-dev",
              "Project": "jit-renderer"
            },
            "timeouts": null,
            "vpc_id": "vpc-04ac66b6d2f09d59f"
          },
          "sensitive_attributes": [],
          "identity_schema_version": 0,
          "private": "eyJlMmJmYjczMC1lY2FhLTExZTYtOGY4OC0zNDM2M2JjN2M0YzAiOnsiY3JlYXRlIjo2MDAwMDAwMDAwMDAsImRlbGV0ZSI6OTAwMDAwMDAwMDAwfSwic2NoZW1hX3ZlcnNpb24iOiIxIn0=",
          "dependencies": [
            "data.aws_vpc.default"
          ]
        }
      ]
    },
    {
      "mode": "managed",
      "type": "aws_sqs_queue",
      "name": "render_jobs",
      "provider": "provider[\"registry.terraform.io/hashicorp/aws\"]",
      "instances": [
        {
          "schema_version": 0,
          "attributes": {
            "arn": "arn:aws:sqs:us-east-1:730335665204:jit-renderer-jobs-dev",
            "content_based_deduplication": false,
            "deduplication_scope": "",
            "delay_seconds": 0,
            "fifo_queue": false,
            "fifo_throughput_limit": "",
            "id": "https://sqs.us-east-1.amazonaws.com/730335665204/jit-renderer-jobs-dev",
            "kms_data_key_reuse_period_seconds": 300,
            "kms_master_key_id": "",
            "max_message_size": 262144,
            "message_retention_seconds": 86400,
            "name": "jit-renderer-jobs-dev",
            "name_prefix": "",
            "policy": "",
            "receive_wait_time_seconds": 0,
            "redrive_allow_policy": "",
            "redrive_policy": "{\"deadLetterTargetArn\":\"arn:aws:sqs:us-east-1:730335665204:jit-renderer-jobs-dlq-dev\",\"maxReceiveCount\":3}",
            "sqs_managed_sse_enabled": true,
            "tags": {},
            "tags_all": {
              "Environment": "dev",
              "ManagedBy": "terraform",
              "Project": "jit-renderer"
            },
            "timeouts": null,
            "url": "https://sqs.us-east-1.amazonaws.com/730335665204/jit-renderer-jobs-dev",
            "visibility_timeout_seconds": 300
          },
          "sensitive_attributes": [],
          "identity_schema_version": 0,
          "private": "eyJlMmJmYjczMC1lY2FhLTExZTYtOGY4OC0zNDM2M2JjN2M0YzAiOnsiY3JlYXRlIjoxODAwMDAwMDAwMDAsImRlbGV0ZSI6MTgwMDAwMDAwMDAwLCJ1cGRhdGUiOjE4MDAwMDAwMDAwMH19",
          "dependencies": [
            "aws_sqs_queue.render_jobs_dlq"
          ],
          "create_before_destroy": true
        }
      ]
    },
    {
      "mode": "managed",
      "type": "aws_sqs_queue",
      "name": "render_jobs_dlq",
      "provider": "provider[\"registry.terraform.io/hashicorp/aws\"]",
      "instances": [
        {
          "schema_version": 0,
          "attributes": {
            "arn": "arn:aws:sqs:us-east-1:730335665204:jit-renderer-jobs-dlq-dev",
            "content_based_deduplication": false,
            "deduplication_scope": "",
            "delay_seconds": 0,
            "fifo_queue": false,
            "fifo_throughput_limit": "",
            "id": "https://sqs.us-east-1.amazonaws.com/730335665204/jit-renderer-jobs-dlq-dev",
            "kms_data_key_reuse_period_seconds": 300,
            "kms_master_key_id": "",
            "max_message_size": 262144,
            "message_retention_seconds": 1209600,
            "name": "jit-renderer-jobs-dlq-dev",
            "name_prefix": "",
            "policy": "",
            "receive_wait_time_seconds": 0,
            "redrive_allow_policy": "",
            "redrive_policy": "",
            "sqs_managed_sse_enabled": true,
            "tags": {},
            "tags_all": {
              "Environment": "dev",
              "ManagedBy": "terraform",
              "Project": "jit-renderer"
            },
            "timeouts": null,
            "url": "https://sqs.us-east-1.amazonaws.com/730335665204/jit-renderer-jobs-dlq-dev",
            "visibility_timeout_seconds": 30
          },
          "sensitive_attributes": [],
          "identity_schema_version": 0,
          "private": "eyJlMmJmYjczMC1lY2FhLTExZTYtOGY4OC0zNDM2M2JjN2M0YzAiOnsiY3JlYXRlIjoxODAwMDAwMDAwMDAsImRlbGV0ZSI6MTgwMDAwMDAwMDAwLCJ1cGRhdGUiOjE4MDAwMDAwMDAwMH19",
          "create_before_destroy": true
        }
      ]
    },
    {
      "mode": "managed",
      "type": "aws_ssm_parameter",
      "name": "callback_url",
      "provider": "provider[\"registry.terraform.io/hashicorp/aws\"]",
      "instances": [
        {
          "schema_version": 0,
          "attributes": {
            "allowed_pattern": "",
            "arn": "arn:aws:ssm:us-east-1:730335665204:parameter/jit-renderer/dev/callback_url",
            "data_type": "text",
            "description": "",
            "has_value_wo": null,
            "id": "/jit-renderer/dev/callback_url",
            "insecure_value": null,
            "key_id": "",
            "name": "/jit-renderer/dev/callback_url",
            "overwrite": null,
            "tags": {},
            "tags_all": {
              "Environment": "dev",
              "ManagedBy": "terraform",
              "Project": "jit-renderer"
            },
            "tier": "Standard",
            "type": "String",
            "value": "https://i8y9bv1ohe.execute-api.us-east-1.amazonaws.com/dev/callback",
            "value_wo": null,
            "value_wo_version": null,
            "version": 1
          },
          "sensitive_attributes": [
            [
              {
                "type": "get_attr",
                "value": "value"
              }
            ],
            [
              {
                "type": "get_attr",
                "value": "value_wo"
              }
            ]
          ],
          "identity_schema_version": 0,
          "private": "bnVsbA==",
          "dependencies": [
            "aws_api_gateway_deployment.main",
            "aws_api_gateway_integration.callback",
            "aws_api_gateway_integration.provision",
            "aws_api_gateway_method.callback_post",
            "aws_api_gateway_method.provision_post",
            "aws_api_gateway_resource.callback",
            "aws_api_gateway_resource.provision",
            "aws_api_gateway_rest_api.main",
            "aws_api_gateway_stage.main",
            "aws_cloudwatch_log_group.callback",
            "aws_cloudwatch_log_group.orchestrator",
            "aws_dynamodb_table.compatibility_matrix",
            "aws_dynamodb_table.render_jobs",
            "aws_iam_role.lambda_exec",
            "aws_iam_role_policy_attachment.lambda_basic",
            "aws_lambda_function.callback",
            "aws_lambda_function.orchestrator",
            "aws_sqs_queue.render_jobs",
            "aws_sqs_queue.render_jobs_dlq",
            "data.archive_file.callback",
            "data.archive_file.orchestrator",
            "data.aws_iam_policy_document.lambda_assume_role"
          ]
        }
      ]
    },
    {
      "mode": "managed",
      "type": "aws_ssm_parameter",
      "name": "redis_host",
      "provider": "provider[\"registry.terraform.io/hashicorp/aws\"]",
      "instances": [
        {
          "schema_version": 0,
          "attributes": {
            "allowed_pattern": "",
            "arn": "arn:aws:ssm:us-east-1:730335665204:parameter/jit-renderer/dev/redis_host",
            "data_type": "text",
            "description": "",
            "has_value_wo": null,
            "id": "/jit-renderer/dev/redis_host",
            "insecure_value": null,
            "key_id": "",
            "name": "/jit-renderer/dev/redis_host",
            "overwrite": null,
            "tags": {},
            "tags_all": {
              "Environment": "dev",
              "ManagedBy": "terraform",
              "Project": "jit-renderer"
            },
            "tier": "Standard",
            "type": "String",
            "value": "jit-dev-cfg.iuphzg.0001.use1.cache.amazonaws.com",
            "value_wo": null,
            "value_wo_version": null,
            "version": 1
          },
          "sensitive_attributes": [
            [
              {
                "type": "get_attr",
                "value": "value"
              }
            ],
            [
              {
                "type": "get_attr",
                "value": "value_wo"
              }
            ]
          ],
          "identity_schema_version": 0,
          "private": "bnVsbA==",
          "dependencies": [
            "aws_elasticache_cluster.config_cache",
            "aws_elasticache_subnet_group.main",
            "aws_security_group.ec2",
            "aws_security_group.elasticache",
            "data.aws_subnets.default",
            "data.aws_vpc.default"
          ]
        }
      ]
    }
  ],
  "check_results": [
    {
      "object_kind": "var",
      "config_addr": "var.environment",
      "status": "pass",
      "objects": [
        {
          "object_addr": "var.environment",
          "status": "pass"
        }
      ]
    }
  ]
}
